// !$*UTF8*$!
{
	archiveVersion = 1;
	classes = {
	};
	objectVersion = 50;
	objects = {

/* Begin PBXBuildFile section */
		10423D472626D49900EEB297 /* GlobalImport.swift in Sources */ = {isa = PBXBuildFile; fileRef = 10423CB52626D49800EEB297 /* GlobalImport.swift */; };
		10423D482626D49900EEB297 /* BMConst.swift in Sources */ = {isa = PBXBuildFile; fileRef = 10423CB62626D49800EEB297 /* BMConst.swift */; };
		10423D492626D49900EEB297 /* Hud.swift in Sources */ = {isa = PBXBuildFile; fileRef = 10423CB92626D49800EEB297 /* Hud.swift */; };
		10423D4A2626D49900EEB297 /* AlertView.swift in Sources */ = {isa = PBXBuildFile; fileRef = 10423CBA2626D49800EEB297 /* AlertView.swift */; };
		10423D4B2626D49900EEB297 /* MBProgressHud.swift in Sources */ = {isa = PBXBuildFile; fileRef = 10423CBB2626D49800EEB297 /* MBProgressHud.swift */; };
		10423D4D2626D49900EEB297 /* BMCityPicker.swift in Sources */ = {isa = PBXBuildFile; fileRef = 10423CC12626D49800EEB297 /* BMCityPicker.swift */; };
		10423D4E2626D49900EEB297 /* city_db.sqlite in Resources */ = {isa = PBXBuildFile; fileRef = 10423CC32626D49800EEB297 /* city_db.sqlite */; };
		10423D4F2626D49900EEB297 /* CityDBManager.swift in Sources */ = {isa = PBXBuildFile; fileRef = 10423CC42626D49800EEB297 /* CityDBManager.swift */; };
		10423D502626D49900EEB297 /* BMBasePicker.swift in Sources */ = {isa = PBXBuildFile; fileRef = 10423CC52626D49800EEB297 /* BMBasePicker.swift */; };
		10423D512626D49900EEB297 /* BMDatePicker.swift in Sources */ = {isa = PBXBuildFile; fileRef = 10423CC62626D49800EEB297 /* BMDatePicker.swift */; };
		10423D522626D49900EEB297 /* BMSinglePicker.swift in Sources */ = {isa = PBXBuildFile; fileRef = 10423CC72626D49800EEB297 /* BMSinglePicker.swift */; };
		10423D532626D49900EEB297 /* BMPicker.swift in Sources */ = {isa = PBXBuildFile; fileRef = 10423CC82626D49800EEB297 /* BMPicker.swift */; };
		10423D542626D49900EEB297 /* ImageChooseTools.swift in Sources */ = {isa = PBXBuildFile; fileRef = 10423CCB2626D49800EEB297 /* ImageChooseTools.swift */; };
		10423D552626D49900EEB297 /* photoDelete@3x.png in Resources */ = {isa = PBXBuildFile; fileRef = 10423CCD2626D49800EEB297 /* photoDelete@3x.png */; };
		10423D562626D49900EEB297 /* MultiImgChooseView.swift in Sources */ = {isa = PBXBuildFile; fileRef = 10423CCE2626D49800EEB297 /* MultiImgChooseView.swift */; };
		10423D572626D49900EEB297 /* BMImgItems_UploadImg@3x.png in Resources */ = {isa = PBXBuildFile; fileRef = 10423CCF2626D49800EEB297 /* BMImgItems_UploadImg@3x.png */; };
		10423D582626D49900EEB297 /* BMIndicatorView.swift in Sources */ = {isa = PBXBuildFile; fileRef = 10423CD12626D49800EEB297 /* BMIndicatorView.swift */; };
		10423D592626D49900EEB297 /* wuwangluo@3x.png in Resources */ = {isa = PBXBuildFile; fileRef = 10423CD22626D49800EEB297 /* wuwangluo@3x.png */; };
		10423D5A2626D49900EEB297 /* SimpleAnimator.swift in Sources */ = {isa = PBXBuildFile; fileRef = 10423CD52626D49800EEB297 /* SimpleAnimator.swift */; };
		10423D5B2626D49900EEB297 /* Animator.swift in Sources */ = {isa = PBXBuildFile; fileRef = 10423CD62626D49800EEB297 /* Animator.swift */; };
		10423D5C2626D49900EEB297 /* FadeAnimator.swift in Sources */ = {isa = PBXBuildFile; fileRef = 10423CD72626D49800EEB297 /* FadeAnimator.swift */; };
		10423D5D2626D49900EEB297 /* ScaleAnimator.swift in Sources */ = {isa = PBXBuildFile; fileRef = 10423CD82626D49800EEB297 /* ScaleAnimator.swift */; };
		10423D5E2626D49900EEB297 /* StickyLayout.swift in Sources */ = {isa = PBXBuildFile; fileRef = 10423CDA2626D49800EEB297 /* StickyLayout.swift */; };
		10423D5F2626D49900EEB297 /* TransposeLayout.swift in Sources */ = {isa = PBXBuildFile; fileRef = 10423CDB2626D49800EEB297 /* TransposeLayout.swift */; };
		10423D602626D49900EEB297 /* ClosureLayout.swift in Sources */ = {isa = PBXBuildFile; fileRef = 10423CDC2626D49800EEB297 /* ClosureLayout.swift */; };
		10423D612626D49900EEB297 /* WrapperLayout.swift in Sources */ = {isa = PBXBuildFile; fileRef = 10423CDD2626D49800EEB297 /* WrapperLayout.swift */; };
		10423D622626D49900EEB297 /* RowLayout.swift in Sources */ = {isa = PBXBuildFile; fileRef = 10423CDE2626D49800EEB297 /* RowLayout.swift */; };
		10423D632626D49900EEB297 /* LayoutContext.swift in Sources */ = {isa = PBXBuildFile; fileRef = 10423CDF2626D49800EEB297 /* LayoutContext.swift */; };
		10423D642626D49900EEB297 /* OverlayLayout.swift in Sources */ = {isa = PBXBuildFile; fileRef = 10423CE02626D49800EEB297 /* OverlayLayout.swift */; };
		10423D652626D49900EEB297 /* VisibleFrameInsetLayout.swift in Sources */ = {isa = PBXBuildFile; fileRef = 10423CE12626D49800EEB297 /* VisibleFrameInsetLayout.swift */; };
		10423D662626D49900EEB297 /* LayoutHelper.swift in Sources */ = {isa = PBXBuildFile; fileRef = 10423CE22626D49800EEB297 /* LayoutHelper.swift */; };
		10423D672626D49900EEB297 /* FlowLayout.swift in Sources */ = {isa = PBXBuildFile; fileRef = 10423CE32626D49800EEB297 /* FlowLayout.swift */; };
		10423D682626D49900EEB297 /* WaterfallLayout.swift in Sources */ = {isa = PBXBuildFile; fileRef = 10423CE42626D49800EEB297 /* WaterfallLayout.swift */; };
		10423D692626D49900EEB297 /* Layout.swift in Sources */ = {isa = PBXBuildFile; fileRef = 10423CE52626D49800EEB297 /* Layout.swift */; };
		10423D6A2626D49900EEB297 /* SimpleLayout.swift in Sources */ = {isa = PBXBuildFile; fileRef = 10423CE62626D49800EEB297 /* SimpleLayout.swift */; };
		10423D6B2626D49900EEB297 /* SimpleViewProvider.swift in Sources */ = {isa = PBXBuildFile; fileRef = 10423CE82626D49800EEB297 /* SimpleViewProvider.swift */; };
		10423D6C2626D49900EEB297 /* ComposedHeaderProvider+Convenience.swift in Sources */ = {isa = PBXBuildFile; fileRef = 10423CE92626D49800EEB297 /* ComposedHeaderProvider+Convenience.swift */; };
		10423D6D2626D49900EEB297 /* EmptyStateProvider.swift in Sources */ = {isa = PBXBuildFile; fileRef = 10423CEA2626D49800EEB297 /* EmptyStateProvider.swift */; };
		10423D6E2626D49900EEB297 /* EmptyCollectionProvider.swift in Sources */ = {isa = PBXBuildFile; fileRef = 10423CEB2626D49800EEB297 /* EmptyCollectionProvider.swift */; };
		10423D6F2626D49900EEB297 /* Provider.swift in Sources */ = {isa = PBXBuildFile; fileRef = 10423CEC2626D49800EEB297 /* Provider.swift */; };
		10423D702626D49900EEB297 /* LayoutableProvider.swift in Sources */ = {isa = PBXBuildFile; fileRef = 10423CED2626D49800EEB297 /* LayoutableProvider.swift */; };
		10423D712626D49900EEB297 /* BasicProvider.swift in Sources */ = {isa = PBXBuildFile; fileRef = 10423CEE2626D49800EEB297 /* BasicProvider.swift */; };
		10423D722626D49900EEB297 /* SectionProvider.swift in Sources */ = {isa = PBXBuildFile; fileRef = 10423CEF2626D49800EEB297 /* SectionProvider.swift */; };
		10423D732626D49900EEB297 /* ItemProvider.swift in Sources */ = {isa = PBXBuildFile; fileRef = 10423CF02626D49800EEB297 /* ItemProvider.swift */; };
		10423D742626D49900EEB297 /* InsetLayout.swift in Sources */ = {isa = PBXBuildFile; fileRef = 10423CF12626D49800EEB297 /* InsetLayout.swift */; };
		10423D752626D49900EEB297 /* ComposedHeaderProvider.swift in Sources */ = {isa = PBXBuildFile; fileRef = 10423CF22626D49800EEB297 /* ComposedHeaderProvider.swift */; };
		10423D762626D49900EEB297 /* FlattenedProvider.swift in Sources */ = {isa = PBXBuildFile; fileRef = 10423CF32626D49800EEB297 /* FlattenedProvider.swift */; };
		10423D772626D49900EEB297 /* SpaceProvider.swift in Sources */ = {isa = PBXBuildFile; fileRef = 10423CF42626D49800EEB297 /* SpaceProvider.swift */; };
		10423D782626D49900EEB297 /* ComposedProvider.swift in Sources */ = {isa = PBXBuildFile; fileRef = 10423CF52626D49800EEB297 /* ComposedProvider.swift */; };
		10423D792626D49900EEB297 /* CollectionKit_Util.swift in Sources */ = {isa = PBXBuildFile; fileRef = 10423CF72626D49800EEB297 /* CollectionKit_Util.swift */; };
		10423D7A2626D49900EEB297 /* UIScrollView+CollectionKit.swift in Sources */ = {isa = PBXBuildFile; fileRef = 10423CF82626D49800EEB297 /* UIScrollView+CollectionKit.swift */; };
		10423D7B2626D49900EEB297 /* BasicProvider+Convenience.swift in Sources */ = {isa = PBXBuildFile; fileRef = 10423CF92626D49800EEB297 /* BasicProvider+Convenience.swift */; };
		10423D7C2626D49900EEB297 /* UIView+CollectionKit.swift in Sources */ = {isa = PBXBuildFile; fileRef = 10423CFA2626D49800EEB297 /* UIView+CollectionKit.swift */; };
		10423D7D2626D49900EEB297 /* Deprecated.swift in Sources */ = {isa = PBXBuildFile; fileRef = 10423CFB2626D49800EEB297 /* Deprecated.swift */; };
		10423D7E2626D49900EEB297 /* ClosureViewSource.swift in Sources */ = {isa = PBXBuildFile; fileRef = 10423CFD2626D49800EEB297 /* ClosureViewSource.swift */; };
		10423D7F2626D49900EEB297 /* UIImageSizeSource.swift in Sources */ = {isa = PBXBuildFile; fileRef = 10423CFE2626D49800EEB297 /* UIImageSizeSource.swift */; };
		10423D802626D49900EEB297 /* AutoLayoutSizeSource.swift in Sources */ = {isa = PBXBuildFile; fileRef = 10423CFF2626D49800EEB297 /* AutoLayoutSizeSource.swift */; };
		10423D812626D49900EEB297 /* ComposedViewSource.swift in Sources */ = {isa = PBXBuildFile; fileRef = 10423D002626D49800EEB297 /* ComposedViewSource.swift */; };
		10423D822626D49900EEB297 /* ViewSource.swift in Sources */ = {isa = PBXBuildFile; fileRef = 10423D012626D49800EEB297 /* ViewSource.swift */; };
		10423D832626D49900EEB297 /* SizeSource.swift in Sources */ = {isa = PBXBuildFile; fileRef = 10423D022626D49800EEB297 /* SizeSource.swift */; };
		10423D842626D49900EEB297 /* SimpleViewSizeSource.swift in Sources */ = {isa = PBXBuildFile; fileRef = 10423D032626D49800EEB297 /* SimpleViewSizeSource.swift */; };
		10423D852626D49900EEB297 /* DataSource.swift in Sources */ = {isa = PBXBuildFile; fileRef = 10423D042626D49800EEB297 /* DataSource.swift */; };
		10423D862626D49900EEB297 /* ClosureDataSource.swift in Sources */ = {isa = PBXBuildFile; fileRef = 10423D052626D49800EEB297 /* ClosureDataSource.swift */; };
		10423D872626D49900EEB297 /* AnyViewSource.swift in Sources */ = {isa = PBXBuildFile; fileRef = 10423D062626D49800EEB297 /* AnyViewSource.swift */; };
		10423D882626D49900EEB297 /* ArrayDataSource.swift in Sources */ = {isa = PBXBuildFile; fileRef = 10423D072626D49800EEB297 /* ArrayDataSource.swift */; };
		10423D892626D49900EEB297 /* ClosureSizeSource.swift in Sources */ = {isa = PBXBuildFile; fileRef = 10423D082626D49800EEB297 /* ClosureSizeSource.swift */; };
		10423D8A2626D49900EEB297 /* CollectionView.swift in Sources */ = {isa = PBXBuildFile; fileRef = 10423D0A2626D49800EEB297 /* CollectionView.swift */; };
		10423D8B2626D49900EEB297 /* CollectionReloadable.swift in Sources */ = {isa = PBXBuildFile; fileRef = 10423D0B2626D49800EEB297 /* CollectionReloadable.swift */; };
		10423D8C2626D49900EEB297 /* CollectionReuseViewManager.swift in Sources */ = {isa = PBXBuildFile; fileRef = 10423D0C2626D49800EEB297 /* CollectionReuseViewManager.swift */; };
		10423D8D2626D49900EEB297 /* DOFavoriteButton.swift in Sources */ = {isa = PBXBuildFile; fileRef = 10423D0E2626D49800EEB297 /* DOFavoriteButton.swift */; };
		10423D8E2626D49900EEB297 /* BMTimeIntervalPicker.swift in Sources */ = {isa = PBXBuildFile; fileRef = 10423D102626D49800EEB297 /* BMTimeIntervalPicker.swift */; };
		10423D8F2626D49900EEB297 /* HostConfig.swift in Sources */ = {isa = PBXBuildFile; fileRef = 10423D122626D49800EEB297 /* HostConfig.swift */; };
		10423D902626D49900EEB297 /* CellFlowLayout.swift in Sources */ = {isa = PBXBuildFile; fileRef = 10423D142626D49800EEB297 /* CellFlowLayout.swift */; };
		10423D912626D49900EEB297 /* CycleCell.swift in Sources */ = {isa = PBXBuildFile; fileRef = 10423D152626D49800EEB297 /* CycleCell.swift */; };
		10423D922626D49900EEB297 /* CycleView.swift in Sources */ = {isa = PBXBuildFile; fileRef = 10423D162626D49800EEB297 /* CycleView.swift */; };
		10423D932626D49900EEB297 /* BMScaleView.swift in Sources */ = {isa = PBXBuildFile; fileRef = 10423D182626D49800EEB297 /* BMScaleView.swift */; };
		10423D942626D49900EEB297 /* NibLoadable.swift in Sources */ = {isa = PBXBuildFile; fileRef = 10423D1B2626D49800EEB297 /* NibLoadable.swift */; };
		10423D952626D49900EEB297 /* UIColor+Utils.swift in Sources */ = {isa = PBXBuildFile; fileRef = 10423D1D2626D49800EEB297 /* UIColor+Utils.swift */; };
		10423D962626D49900EEB297 /* Date+String.swift in Sources */ = {isa = PBXBuildFile; fileRef = 10423D1F2626D49800EEB297 /* Date+String.swift */; };
		10423D972626D49900EEB297 /* Date+Utils.swift in Sources */ = {isa = PBXBuildFile; fileRef = 10423D202626D49800EEB297 /* Date+Utils.swift */; };
		10423D982626D49900EEB297 /* Number+Formate.swift in Sources */ = {isa = PBXBuildFile; fileRef = 10423D222626D49800EEB297 /* Number+Formate.swift */; };
		10423D992626D49900EEB297 /* Number+String.swift in Sources */ = {isa = PBXBuildFile; fileRef = 10423D232626D49800EEB297 /* Number+String.swift */; };
		10423D9A2626D49900EEB297 /* UIImage+Extension.swift in Sources */ = {isa = PBXBuildFile; fileRef = 10423D252626D49800EEB297 /* UIImage+Extension.swift */; };
		10423D9B2626D49900EEB297 /* UIButton+uploadImg.swift in Sources */ = {isa = PBXBuildFile; fileRef = 10423D262626D49800EEB297 /* UIButton+uploadImg.swift */; };
		10423D9C2626D49900EEB297 /* UIView+IBInspectable.swift in Sources */ = {isa = PBXBuildFile; fileRef = 10423D272626D49800EEB297 /* UIView+IBInspectable.swift */; };
		10423D9D2626D49900EEB297 /* Kingfisher+Utils.swift in Sources */ = {isa = PBXBuildFile; fileRef = 10423D292626D49800EEB297 /* Kingfisher+Utils.swift */; };
		10423D9E2626D49900EEB297 /* String+Substring.swift in Sources */ = {isa = PBXBuildFile; fileRef = 10423D2B2626D49800EEB297 /* String+Substring.swift */; };
		10423D9F2626D49900EEB297 /* String+MD5.swift in Sources */ = {isa = PBXBuildFile; fileRef = 10423D2C2626D49800EEB297 /* String+MD5.swift */; };
		10423DA02626D49900EEB297 /* String+Utils.swift in Sources */ = {isa = PBXBuildFile; fileRef = 10423D2D2626D49800EEB297 /* String+Utils.swift */; };
		10423DA12626D49900EEB297 /* Array+Utils.swift in Sources */ = {isa = PBXBuildFile; fileRef = 10423D2F2626D49800EEB297 /* Array+Utils.swift */; };
		10423DA22626D49900EEB297 /* Dictionary+Utils.swift in Sources */ = {isa = PBXBuildFile; fileRef = 10423D302626D49800EEB297 /* Dictionary+Utils.swift */; };
		10423DA32626D49900EEB297 /* Sequence+Json.swift in Sources */ = {isa = PBXBuildFile; fileRef = 10423D312626D49800EEB297 /* Sequence+Json.swift */; };
		10423DA42626D49900EEB297 /* BaseVC.swift in Sources */ = {isa = PBXBuildFile; fileRef = 10423D332626D49800EEB297 /* BaseVC.swift */; };
		10423DA62626D49900EEB297 /* WebVC.swift in Sources */ = {isa = PBXBuildFile; fileRef = 10423D352626D49900EEB297 /* WebVC.swift */; };
		10423DA72626D49900EEB297 /* BaseCollVC.swift in Sources */ = {isa = PBXBuildFile; fileRef = 10423D362626D49900EEB297 /* BaseCollVC.swift */; };
		10423DA82626D49900EEB297 /* BaseTabbarVC.swift in Sources */ = {isa = PBXBuildFile; fileRef = 10423D372626D49900EEB297 /* BaseTabbarVC.swift */; };
		10423DA92626D49900EEB297 /* BaseTableVC.swift in Sources */ = {isa = PBXBuildFile; fileRef = 10423D382626D49900EEB297 /* BaseTableVC.swift */; };
		10423DAA2626D49900EEB297 /* BaseCell.swift in Sources */ = {isa = PBXBuildFile; fileRef = 10423D392626D49900EEB297 /* BaseCell.swift */; };
		10423DAB2626D49900EEB297 /* ScanVC.swift in Sources */ = {isa = PBXBuildFile; fileRef = 10423D3A2626D49900EEB297 /* ScanVC.swift */; };
		10423DAC2626D49900EEB297 /* BaseNavigationVC.swift in Sources */ = {isa = PBXBuildFile; fileRef = 10423D3B2626D49900EEB297 /* BaseNavigationVC.swift */; };
		10423DAD2626D49900EEB297 /* BMNetwork.swift in Sources */ = {isa = PBXBuildFile; fileRef = 10423D3E2626D49900EEB297 /* BMNetwork.swift */; };
		10423DAF2626D49900EEB297 /* ConstantsLayout.swift in Sources */ = {isa = PBXBuildFile; fileRef = 10423D412626D49900EEB297 /* ConstantsLayout.swift */; };
		10423DB02626D49900EEB297 /* BMCache.swift in Sources */ = {isa = PBXBuildFile; fileRef = 10423D432626D49900EEB297 /* BMCache.swift */; };
		10423DB12626D49900EEB297 /* Utils.swift in Sources */ = {isa = PBXBuildFile; fileRef = 10423D442626D49900EEB297 /* Utils.swift */; };
		10423DB22626D49900EEB297 /* QRCodeManager.swift in Sources */ = {isa = PBXBuildFile; fileRef = 10423D462626D49900EEB297 /* QRCodeManager.swift */; };
		10423DB82626EA9C00EEB297 /* BMApiSet.swift in Sources */ = {isa = PBXBuildFile; fileRef = 10423DB72626EA9C00EEB297 /* BMApiSet.swift */; };
		10423DBA2626EAFC00EEB297 /* BMRequester.swift in Sources */ = {isa = PBXBuildFile; fileRef = 10423DB92626EAFC00EEB297 /* BMRequester.swift */; };
		10423DBD2626F77B00EEB297 /* ZBJsonModel.swift in Sources */ = {isa = PBXBuildFile; fileRef = 10423DBC2626F77B00EEB297 /* ZBJsonModel.swift */; };
		10423DCB2626F9CA00EEB297 /* ZBJsonArrayModel.swift in Sources */ = {isa = PBXBuildFile; fileRef = 10423DCA2626F9CA00EEB297 /* ZBJsonArrayModel.swift */; };
		10423DCD2626F9D400EEB297 /* ZBJsonInt.swift in Sources */ = {isa = PBXBuildFile; fileRef = 10423DCC2626F9D400EEB297 /* ZBJsonInt.swift */; };
		10423DCF2626F9DC00EEB297 /* ZBJsonString.swift in Sources */ = {isa = PBXBuildFile; fileRef = 10423DCE2626F9DC00EEB297 /* ZBJsonString.swift */; };
		10423DD12626F9EC00EEB297 /* ZBJsonDic.swift in Sources */ = {isa = PBXBuildFile; fileRef = 10423DD02626F9EC00EEB297 /* ZBJsonDic.swift */; };
		1055D07D262F10FC00FF1C83 /* scan-light@3x.png in Resources */ = {isa = PBXBuildFile; fileRef = 1055D078262F10FC00FF1C83 /* scan-light@3x.png */; };
		1055D07E262F10FC00FF1C83 /* scan-slider.png in Resources */ = {isa = PBXBuildFile; fileRef = 1055D079262F10FC00FF1C83 /* scan-slider.png */; };
		1055D07F262F10FC00FF1C83 /* BMback_Icon@3x.png in Resources */ = {isa = PBXBuildFile; fileRef = 1055D07A262F10FC00FF1C83 /* BMback_Icon@3x.png */; };
		1055D080262F10FC00FF1C83 /* scan-slider-bg.png in Resources */ = {isa = PBXBuildFile; fileRef = 1055D07B262F10FC00FF1C83 /* scan-slider-bg.png */; };
		1055D081262F10FC00FF1C83 /* scan-dark@3x.png in Resources */ = {isa = PBXBuildFile; fileRef = 1055D07C262F10FC00FF1C83 /* scan-dark@3x.png */; };
		2D328849234ED13800BAFD37 /* DemoVC1.swift in Sources */ = {isa = PBXBuildFile; fileRef = 2D328847234ED13800BAFD37 /* DemoVC1.swift */; };
		2D32884A234ED13800BAFD37 /* DemoVC1.xib in Resources */ = {isa = PBXBuildFile; fileRef = 2D328848234ED13800BAFD37 /* DemoVC1.xib */; };
		2D32884C234ED3EF00BAFD37 /* temp.png in Resources */ = {isa = PBXBuildFile; fileRef = 2D32884B234ED3EF00BAFD37 /* temp.png */; };
		2D32885E234EFD7700BAFD37 /* DemoVC4.swift in Sources */ = {isa = PBXBuildFile; fileRef = 2D32885C234EFD7700BAFD37 /* DemoVC4.swift */; };
		2D32885F234EFD7700BAFD37 /* DemoVC4.xib in Resources */ = {isa = PBXBuildFile; fileRef = 2D32885D234EFD7700BAFD37 /* DemoVC4.xib */; };
		2D4BD7262297A13D00E80275 /* AppDelegate.swift in Sources */ = {isa = PBXBuildFile; fileRef = 2D4BD7252297A13D00E80275 /* AppDelegate.swift */; };
		2D4BD7282297A13D00E80275 /* ViewController.swift in Sources */ = {isa = PBXBuildFile; fileRef = 2D4BD7272297A13D00E80275 /* ViewController.swift */; };
		2D4BD72B2297A13D00E80275 /* Main.storyboard in Resources */ = {isa = PBXBuildFile; fileRef = 2D4BD7292297A13D00E80275 /* Main.storyboard */; };
		2D4BD72D2297A13E00E80275 /* Assets.xcassets in Resources */ = {isa = PBXBuildFile; fileRef = 2D4BD72C2297A13E00E80275 /* Assets.xcassets */; };
		2D4BD7302297A13E00E80275 /* LaunchScreen.storyboard in Resources */ = {isa = PBXBuildFile; fileRef = 2D4BD72E2297A13E00E80275 /* LaunchScreen.storyboard */; };
		2DBB897623065E6D00C553EB /* test.jpeg in Resources */ = {isa = PBXBuildFile; fileRef = 2DBB897523065E6D00C553EB /* test.jpeg */; };
		2DF18884230BE67C00BD4502 /* LoginVC.swift in Sources */ = {isa = PBXBuildFile; fileRef = 2DF18883230BE67C00BD4502 /* LoginVC.swift */; };
		9B3D04E424937AF200607F3C /* CacheKey.swift in Sources */ = {isa = PBXBuildFile; fileRef = 9B3D04E324937AF200607F3C /* CacheKey.swift */; };
		9B4834DA25996EE7006EBAFC /* MyAnimator.swift in Sources */ = {isa = PBXBuildFile; fileRef = 9B4834D925996EE7006EBAFC /* MyAnimator.swift */; };
		9B4D9FB02593343E00B1E097 /* MaskViewUsedVC.swift in Sources */ = {isa = PBXBuildFile; fileRef = 9B4D9FAE2593343E00B1E097 /* MaskViewUsedVC.swift */; };
		9B4D9FB12593343E00B1E097 /* MaskViewUsedVC.xib in Resources */ = {isa = PBXBuildFile; fileRef = 9B4D9FAF2593343E00B1E097 /* MaskViewUsedVC.xib */; };
		9B4D9FB82594691200B1E097 /* PickerVC.swift in Sources */ = {isa = PBXBuildFile; fileRef = 9B4D9FB62594691200B1E097 /* PickerVC.swift */; };
		9B4D9FB92594691200B1E097 /* PickerVC.xib in Resources */ = {isa = PBXBuildFile; fileRef = 9B4D9FB72594691200B1E097 /* PickerVC.xib */; };
		9B680E62258314B700AC7835 /* AnimTableVC.swift in Sources */ = {isa = PBXBuildFile; fileRef = 9B680E61258314B700AC7835 /* AnimTableVC.swift */; };
		9B9D462025958273002B1A94 /* BtnClickAnimVC.swift in Sources */ = {isa = PBXBuildFile; fileRef = 9B9D461E25958273002B1A94 /* BtnClickAnimVC.swift */; };
		9B9D462125958273002B1A94 /* BtnClickAnimVC.xib in Resources */ = {isa = PBXBuildFile; fileRef = 9B9D461F25958273002B1A94 /* BtnClickAnimVC.xib */; };
		9B9D46292595BD2B002B1A94 /* CollectionViewVC.swift in Sources */ = {isa = PBXBuildFile; fileRef = 9B9D46272595BD2B002B1A94 /* CollectionViewVC.swift */; };
		9B9D462A2595BD2B002B1A94 /* CollectionViewVC.xib in Resources */ = {isa = PBXBuildFile; fileRef = 9B9D46282595BD2B002B1A94 /* CollectionViewVC.xib */; };
		9BE021FD258351E00053E315 /* ViewControllerCell.swift in Sources */ = {isa = PBXBuildFile; fileRef = 9BE021FB258351E00053E315 /* ViewControllerCell.swift */; };
		9BE021FE258351E00053E315 /* ViewControllerCell.xib in Resources */ = {isa = PBXBuildFile; fileRef = 9BE021FC258351E00053E315 /* ViewControllerCell.xib */; };
		E213F133FC5871689D240978 /* Pods_BaseUtilsDemo.framework in Frameworks */ = {isa = PBXBuildFile; fileRef = 9C45A3D0B2F5AA427CB60C0F /* Pods_BaseUtilsDemo.framework */; };
/* End PBXBuildFile section */

/* Begin PBXCopyFilesBuildPhase section */
		2D3F995D22DDAB8E005B4F8D /* Embed Frameworks */ = {
			isa = PBXCopyFilesBuildPhase;
			buildActionMask = 2147483647;
			dstPath = "";
			dstSubfolderSpec = 10;
			files = (
			);
			name = "Embed Frameworks";
			runOnlyForDeploymentPostprocessing = 0;
		};
/* End PBXCopyFilesBuildPhase section */

/* Begin PBXFileReference section */
		10423CB52626D49800EEB297 /* GlobalImport.swift */ = {isa = PBXFileReference; fileEncoding = 4; lastKnownFileType = sourcecode.swift; path = GlobalImport.swift; sourceTree = "<group>"; };
		10423CB62626D49800EEB297 /* BMConst.swift */ = {isa = PBXFileReference; fileEncoding = 4; lastKnownFileType = sourcecode.swift; path = BMConst.swift; sourceTree = "<group>"; };
		10423CB92626D49800EEB297 /* Hud.swift */ = {isa = PBXFileReference; fileEncoding = 4; lastKnownFileType = sourcecode.swift; path = Hud.swift; sourceTree = "<group>"; };
		10423CBA2626D49800EEB297 /* AlertView.swift */ = {isa = PBXFileReference; fileEncoding = 4; lastKnownFileType = sourcecode.swift; path = AlertView.swift; sourceTree = "<group>"; };
		10423CBB2626D49800EEB297 /* MBProgressHud.swift */ = {isa = PBXFileReference; fileEncoding = 4; lastKnownFileType = sourcecode.swift; path = MBProgressHud.swift; sourceTree = "<group>"; };
		10423CC12626D49800EEB297 /* BMCityPicker.swift */ = {isa = PBXFileReference; fileEncoding = 4; lastKnownFileType = sourcecode.swift; path = BMCityPicker.swift; sourceTree = "<group>"; };
		10423CC32626D49800EEB297 /* city_db.sqlite */ = {isa = PBXFileReference; lastKnownFileType = file; path = city_db.sqlite; sourceTree = "<group>"; };
		10423CC42626D49800EEB297 /* CityDBManager.swift */ = {isa = PBXFileReference; fileEncoding = 4; lastKnownFileType = sourcecode.swift; path = CityDBManager.swift; sourceTree = "<group>"; };
		10423CC52626D49800EEB297 /* BMBasePicker.swift */ = {isa = PBXFileReference; fileEncoding = 4; lastKnownFileType = sourcecode.swift; path = BMBasePicker.swift; sourceTree = "<group>"; };
		10423CC62626D49800EEB297 /* BMDatePicker.swift */ = {isa = PBXFileReference; fileEncoding = 4; lastKnownFileType = sourcecode.swift; path = BMDatePicker.swift; sourceTree = "<group>"; };
		10423CC72626D49800EEB297 /* BMSinglePicker.swift */ = {isa = PBXFileReference; fileEncoding = 4; lastKnownFileType = sourcecode.swift; path = BMSinglePicker.swift; sourceTree = "<group>"; };
		10423CC82626D49800EEB297 /* BMPicker.swift */ = {isa = PBXFileReference; fileEncoding = 4; lastKnownFileType = sourcecode.swift; path = BMPicker.swift; sourceTree = "<group>"; };
		10423CCB2626D49800EEB297 /* ImageChooseTools.swift */ = {isa = PBXFileReference; fileEncoding = 4; lastKnownFileType = sourcecode.swift; path = ImageChooseTools.swift; sourceTree = "<group>"; };
		10423CCD2626D49800EEB297 /* photoDelete@3x.png */ = {isa = PBXFileReference; lastKnownFileType = image.png; path = "photoDelete@3x.png"; sourceTree = "<group>"; };
		10423CCE2626D49800EEB297 /* MultiImgChooseView.swift */ = {isa = PBXFileReference; fileEncoding = 4; lastKnownFileType = sourcecode.swift; path = MultiImgChooseView.swift; sourceTree = "<group>"; };
		10423CCF2626D49800EEB297 /* BMImgItems_UploadImg@3x.png */ = {isa = PBXFileReference; lastKnownFileType = image.png; path = "BMImgItems_UploadImg@3x.png"; sourceTree = "<group>"; };
		10423CD12626D49800EEB297 /* BMIndicatorView.swift */ = {isa = PBXFileReference; fileEncoding = 4; lastKnownFileType = sourcecode.swift; path = BMIndicatorView.swift; sourceTree = "<group>"; };
		10423CD22626D49800EEB297 /* wuwangluo@3x.png */ = {isa = PBXFileReference; lastKnownFileType = image.png; path = "wuwangluo@3x.png"; sourceTree = "<group>"; };
		10423CD52626D49800EEB297 /* SimpleAnimator.swift */ = {isa = PBXFileReference; fileEncoding = 4; lastKnownFileType = sourcecode.swift; path = SimpleAnimator.swift; sourceTree = "<group>"; };
		10423CD62626D49800EEB297 /* Animator.swift */ = {isa = PBXFileReference; fileEncoding = 4; lastKnownFileType = sourcecode.swift; path = Animator.swift; sourceTree = "<group>"; };
		10423CD72626D49800EEB297 /* FadeAnimator.swift */ = {isa = PBXFileReference; fileEncoding = 4; lastKnownFileType = sourcecode.swift; path = FadeAnimator.swift; sourceTree = "<group>"; };
		10423CD82626D49800EEB297 /* ScaleAnimator.swift */ = {isa = PBXFileReference; fileEncoding = 4; lastKnownFileType = sourcecode.swift; path = ScaleAnimator.swift; sourceTree = "<group>"; };
		10423CDA2626D49800EEB297 /* StickyLayout.swift */ = {isa = PBXFileReference; fileEncoding = 4; lastKnownFileType = sourcecode.swift; path = StickyLayout.swift; sourceTree = "<group>"; };
		10423CDB2626D49800EEB297 /* TransposeLayout.swift */ = {isa = PBXFileReference; fileEncoding = 4; lastKnownFileType = sourcecode.swift; path = TransposeLayout.swift; sourceTree = "<group>"; };
		10423CDC2626D49800EEB297 /* ClosureLayout.swift */ = {isa = PBXFileReference; fileEncoding = 4; lastKnownFileType = sourcecode.swift; path = ClosureLayout.swift; sourceTree = "<group>"; };
		10423CDD2626D49800EEB297 /* WrapperLayout.swift */ = {isa = PBXFileReference; fileEncoding = 4; lastKnownFileType = sourcecode.swift; path = WrapperLayout.swift; sourceTree = "<group>"; };
		10423CDE2626D49800EEB297 /* RowLayout.swift */ = {isa = PBXFileReference; fileEncoding = 4; lastKnownFileType = sourcecode.swift; path = RowLayout.swift; sourceTree = "<group>"; };
		10423CDF2626D49800EEB297 /* LayoutContext.swift */ = {isa = PBXFileReference; fileEncoding = 4; lastKnownFileType = sourcecode.swift; path = LayoutContext.swift; sourceTree = "<group>"; };
		10423CE02626D49800EEB297 /* OverlayLayout.swift */ = {isa = PBXFileReference; fileEncoding = 4; lastKnownFileType = sourcecode.swift; path = OverlayLayout.swift; sourceTree = "<group>"; };
		10423CE12626D49800EEB297 /* VisibleFrameInsetLayout.swift */ = {isa = PBXFileReference; fileEncoding = 4; lastKnownFileType = sourcecode.swift; path = VisibleFrameInsetLayout.swift; sourceTree = "<group>"; };
		10423CE22626D49800EEB297 /* LayoutHelper.swift */ = {isa = PBXFileReference; fileEncoding = 4; lastKnownFileType = sourcecode.swift; path = LayoutHelper.swift; sourceTree = "<group>"; };
		10423CE32626D49800EEB297 /* FlowLayout.swift */ = {isa = PBXFileReference; fileEncoding = 4; lastKnownFileType = sourcecode.swift; path = FlowLayout.swift; sourceTree = "<group>"; };
		10423CE42626D49800EEB297 /* WaterfallLayout.swift */ = {isa = PBXFileReference; fileEncoding = 4; lastKnownFileType = sourcecode.swift; path = WaterfallLayout.swift; sourceTree = "<group>"; };
		10423CE52626D49800EEB297 /* Layout.swift */ = {isa = PBXFileReference; fileEncoding = 4; lastKnownFileType = sourcecode.swift; path = Layout.swift; sourceTree = "<group>"; };
		10423CE62626D49800EEB297 /* SimpleLayout.swift */ = {isa = PBXFileReference; fileEncoding = 4; lastKnownFileType = sourcecode.swift; path = SimpleLayout.swift; sourceTree = "<group>"; };
		10423CE82626D49800EEB297 /* SimpleViewProvider.swift */ = {isa = PBXFileReference; fileEncoding = 4; lastKnownFileType = sourcecode.swift; path = SimpleViewProvider.swift; sourceTree = "<group>"; };
		10423CE92626D49800EEB297 /* ComposedHeaderProvider+Convenience.swift */ = {isa = PBXFileReference; fileEncoding = 4; lastKnownFileType = sourcecode.swift; path = "ComposedHeaderProvider+Convenience.swift"; sourceTree = "<group>"; };
		10423CEA2626D49800EEB297 /* EmptyStateProvider.swift */ = {isa = PBXFileReference; fileEncoding = 4; lastKnownFileType = sourcecode.swift; path = EmptyStateProvider.swift; sourceTree = "<group>"; };
		10423CEB2626D49800EEB297 /* EmptyCollectionProvider.swift */ = {isa = PBXFileReference; fileEncoding = 4; lastKnownFileType = sourcecode.swift; path = EmptyCollectionProvider.swift; sourceTree = "<group>"; };
		10423CEC2626D49800EEB297 /* Provider.swift */ = {isa = PBXFileReference; fileEncoding = 4; lastKnownFileType = sourcecode.swift; path = Provider.swift; sourceTree = "<group>"; };
		10423CED2626D49800EEB297 /* LayoutableProvider.swift */ = {isa = PBXFileReference; fileEncoding = 4; lastKnownFileType = sourcecode.swift; path = LayoutableProvider.swift; sourceTree = "<group>"; };
		10423CEE2626D49800EEB297 /* BasicProvider.swift */ = {isa = PBXFileReference; fileEncoding = 4; lastKnownFileType = sourcecode.swift; path = BasicProvider.swift; sourceTree = "<group>"; };
		10423CEF2626D49800EEB297 /* SectionProvider.swift */ = {isa = PBXFileReference; fileEncoding = 4; lastKnownFileType = sourcecode.swift; path = SectionProvider.swift; sourceTree = "<group>"; };
		10423CF02626D49800EEB297 /* ItemProvider.swift */ = {isa = PBXFileReference; fileEncoding = 4; lastKnownFileType = sourcecode.swift; path = ItemProvider.swift; sourceTree = "<group>"; };
		10423CF12626D49800EEB297 /* InsetLayout.swift */ = {isa = PBXFileReference; fileEncoding = 4; lastKnownFileType = sourcecode.swift; path = InsetLayout.swift; sourceTree = "<group>"; };
		10423CF22626D49800EEB297 /* ComposedHeaderProvider.swift */ = {isa = PBXFileReference; fileEncoding = 4; lastKnownFileType = sourcecode.swift; path = ComposedHeaderProvider.swift; sourceTree = "<group>"; };
		10423CF32626D49800EEB297 /* FlattenedProvider.swift */ = {isa = PBXFileReference; fileEncoding = 4; lastKnownFileType = sourcecode.swift; path = FlattenedProvider.swift; sourceTree = "<group>"; };
		10423CF42626D49800EEB297 /* SpaceProvider.swift */ = {isa = PBXFileReference; fileEncoding = 4; lastKnownFileType = sourcecode.swift; path = SpaceProvider.swift; sourceTree = "<group>"; };
		10423CF52626D49800EEB297 /* ComposedProvider.swift */ = {isa = PBXFileReference; fileEncoding = 4; lastKnownFileType = sourcecode.swift; path = ComposedProvider.swift; sourceTree = "<group>"; };
		10423CF72626D49800EEB297 /* CollectionKit_Util.swift */ = {isa = PBXFileReference; fileEncoding = 4; lastKnownFileType = sourcecode.swift; path = CollectionKit_Util.swift; sourceTree = "<group>"; };
		10423CF82626D49800EEB297 /* UIScrollView+CollectionKit.swift */ = {isa = PBXFileReference; fileEncoding = 4; lastKnownFileType = sourcecode.swift; path = "UIScrollView+CollectionKit.swift"; sourceTree = "<group>"; };
		10423CF92626D49800EEB297 /* BasicProvider+Convenience.swift */ = {isa = PBXFileReference; fileEncoding = 4; lastKnownFileType = sourcecode.swift; path = "BasicProvider+Convenience.swift"; sourceTree = "<group>"; };
		10423CFA2626D49800EEB297 /* UIView+CollectionKit.swift */ = {isa = PBXFileReference; fileEncoding = 4; lastKnownFileType = sourcecode.swift; path = "UIView+CollectionKit.swift"; sourceTree = "<group>"; };
		10423CFB2626D49800EEB297 /* Deprecated.swift */ = {isa = PBXFileReference; fileEncoding = 4; lastKnownFileType = sourcecode.swift; path = Deprecated.swift; sourceTree = "<group>"; };
		10423CFD2626D49800EEB297 /* ClosureViewSource.swift */ = {isa = PBXFileReference; fileEncoding = 4; lastKnownFileType = sourcecode.swift; path = ClosureViewSource.swift; sourceTree = "<group>"; };
		10423CFE2626D49800EEB297 /* UIImageSizeSource.swift */ = {isa = PBXFileReference; fileEncoding = 4; lastKnownFileType = sourcecode.swift; path = UIImageSizeSource.swift; sourceTree = "<group>"; };
		10423CFF2626D49800EEB297 /* AutoLayoutSizeSource.swift */ = {isa = PBXFileReference; fileEncoding = 4; lastKnownFileType = sourcecode.swift; path = AutoLayoutSizeSource.swift; sourceTree = "<group>"; };
		10423D002626D49800EEB297 /* ComposedViewSource.swift */ = {isa = PBXFileReference; fileEncoding = 4; lastKnownFileType = sourcecode.swift; path = ComposedViewSource.swift; sourceTree = "<group>"; };
		10423D012626D49800EEB297 /* ViewSource.swift */ = {isa = PBXFileReference; fileEncoding = 4; lastKnownFileType = sourcecode.swift; path = ViewSource.swift; sourceTree = "<group>"; };
		10423D022626D49800EEB297 /* SizeSource.swift */ = {isa = PBXFileReference; fileEncoding = 4; lastKnownFileType = sourcecode.swift; path = SizeSource.swift; sourceTree = "<group>"; };
		10423D032626D49800EEB297 /* SimpleViewSizeSource.swift */ = {isa = PBXFileReference; fileEncoding = 4; lastKnownFileType = sourcecode.swift; path = SimpleViewSizeSource.swift; sourceTree = "<group>"; };
		10423D042626D49800EEB297 /* DataSource.swift */ = {isa = PBXFileReference; fileEncoding = 4; lastKnownFileType = sourcecode.swift; path = DataSource.swift; sourceTree = "<group>"; };
		10423D052626D49800EEB297 /* ClosureDataSource.swift */ = {isa = PBXFileReference; fileEncoding = 4; lastKnownFileType = sourcecode.swift; path = ClosureDataSource.swift; sourceTree = "<group>"; };
		10423D062626D49800EEB297 /* AnyViewSource.swift */ = {isa = PBXFileReference; fileEncoding = 4; lastKnownFileType = sourcecode.swift; path = AnyViewSource.swift; sourceTree = "<group>"; };
		10423D072626D49800EEB297 /* ArrayDataSource.swift */ = {isa = PBXFileReference; fileEncoding = 4; lastKnownFileType = sourcecode.swift; path = ArrayDataSource.swift; sourceTree = "<group>"; };
		10423D082626D49800EEB297 /* ClosureSizeSource.swift */ = {isa = PBXFileReference; fileEncoding = 4; lastKnownFileType = sourcecode.swift; path = ClosureSizeSource.swift; sourceTree = "<group>"; };
		10423D0A2626D49800EEB297 /* CollectionView.swift */ = {isa = PBXFileReference; fileEncoding = 4; lastKnownFileType = sourcecode.swift; path = CollectionView.swift; sourceTree = "<group>"; };
		10423D0B2626D49800EEB297 /* CollectionReloadable.swift */ = {isa = PBXFileReference; fileEncoding = 4; lastKnownFileType = sourcecode.swift; path = CollectionReloadable.swift; sourceTree = "<group>"; };
		10423D0C2626D49800EEB297 /* CollectionReuseViewManager.swift */ = {isa = PBXFileReference; fileEncoding = 4; lastKnownFileType = sourcecode.swift; path = CollectionReuseViewManager.swift; sourceTree = "<group>"; };
		10423D0E2626D49800EEB297 /* DOFavoriteButton.swift */ = {isa = PBXFileReference; fileEncoding = 4; lastKnownFileType = sourcecode.swift; path = DOFavoriteButton.swift; sourceTree = "<group>"; };
		10423D102626D49800EEB297 /* BMTimeIntervalPicker.swift */ = {isa = PBXFileReference; fileEncoding = 4; lastKnownFileType = sourcecode.swift; path = BMTimeIntervalPicker.swift; sourceTree = "<group>"; };
		10423D122626D49800EEB297 /* HostConfig.swift */ = {isa = PBXFileReference; fileEncoding = 4; lastKnownFileType = sourcecode.swift; path = HostConfig.swift; sourceTree = "<group>"; };
		10423D142626D49800EEB297 /* CellFlowLayout.swift */ = {isa = PBXFileReference; fileEncoding = 4; lastKnownFileType = sourcecode.swift; path = CellFlowLayout.swift; sourceTree = "<group>"; };
		10423D152626D49800EEB297 /* CycleCell.swift */ = {isa = PBXFileReference; fileEncoding = 4; lastKnownFileType = sourcecode.swift; path = CycleCell.swift; sourceTree = "<group>"; };
		10423D162626D49800EEB297 /* CycleView.swift */ = {isa = PBXFileReference; fileEncoding = 4; lastKnownFileType = sourcecode.swift; path = CycleView.swift; sourceTree = "<group>"; };
		10423D182626D49800EEB297 /* BMScaleView.swift */ = {isa = PBXFileReference; fileEncoding = 4; lastKnownFileType = sourcecode.swift; path = BMScaleView.swift; sourceTree = "<group>"; };
		10423D1B2626D49800EEB297 /* NibLoadable.swift */ = {isa = PBXFileReference; fileEncoding = 4; lastKnownFileType = sourcecode.swift; path = NibLoadable.swift; sourceTree = "<group>"; };
		10423D1D2626D49800EEB297 /* UIColor+Utils.swift */ = {isa = PBXFileReference; fileEncoding = 4; lastKnownFileType = sourcecode.swift; path = "UIColor+Utils.swift"; sourceTree = "<group>"; };
		10423D1F2626D49800EEB297 /* Date+String.swift */ = {isa = PBXFileReference; fileEncoding = 4; lastKnownFileType = sourcecode.swift; path = "Date+String.swift"; sourceTree = "<group>"; };
		10423D202626D49800EEB297 /* Date+Utils.swift */ = {isa = PBXFileReference; fileEncoding = 4; lastKnownFileType = sourcecode.swift; path = "Date+Utils.swift"; sourceTree = "<group>"; };
		10423D222626D49800EEB297 /* Number+Formate.swift */ = {isa = PBXFileReference; fileEncoding = 4; lastKnownFileType = sourcecode.swift; path = "Number+Formate.swift"; sourceTree = "<group>"; };
		10423D232626D49800EEB297 /* Number+String.swift */ = {isa = PBXFileReference; fileEncoding = 4; lastKnownFileType = sourcecode.swift; path = "Number+String.swift"; sourceTree = "<group>"; };
		10423D252626D49800EEB297 /* UIImage+Extension.swift */ = {isa = PBXFileReference; fileEncoding = 4; lastKnownFileType = sourcecode.swift; path = "UIImage+Extension.swift"; sourceTree = "<group>"; };
		10423D262626D49800EEB297 /* UIButton+uploadImg.swift */ = {isa = PBXFileReference; fileEncoding = 4; lastKnownFileType = sourcecode.swift; path = "UIButton+uploadImg.swift"; sourceTree = "<group>"; };
		10423D272626D49800EEB297 /* UIView+IBInspectable.swift */ = {isa = PBXFileReference; fileEncoding = 4; lastKnownFileType = sourcecode.swift; path = "UIView+IBInspectable.swift"; sourceTree = "<group>"; };
		10423D292626D49800EEB297 /* Kingfisher+Utils.swift */ = {isa = PBXFileReference; fileEncoding = 4; lastKnownFileType = sourcecode.swift; path = "Kingfisher+Utils.swift"; sourceTree = "<group>"; };
		10423D2B2626D49800EEB297 /* String+Substring.swift */ = {isa = PBXFileReference; fileEncoding = 4; lastKnownFileType = sourcecode.swift; path = "String+Substring.swift"; sourceTree = "<group>"; };
		10423D2C2626D49800EEB297 /* String+MD5.swift */ = {isa = PBXFileReference; fileEncoding = 4; lastKnownFileType = sourcecode.swift; path = "String+MD5.swift"; sourceTree = "<group>"; };
		10423D2D2626D49800EEB297 /* String+Utils.swift */ = {isa = PBXFileReference; fileEncoding = 4; lastKnownFileType = sourcecode.swift; path = "String+Utils.swift"; sourceTree = "<group>"; };
		10423D2F2626D49800EEB297 /* Array+Utils.swift */ = {isa = PBXFileReference; fileEncoding = 4; lastKnownFileType = sourcecode.swift; path = "Array+Utils.swift"; sourceTree = "<group>"; };
		10423D302626D49800EEB297 /* Dictionary+Utils.swift */ = {isa = PBXFileReference; fileEncoding = 4; lastKnownFileType = sourcecode.swift; path = "Dictionary+Utils.swift"; sourceTree = "<group>"; };
		10423D312626D49800EEB297 /* Sequence+Json.swift */ = {isa = PBXFileReference; fileEncoding = 4; lastKnownFileType = sourcecode.swift; path = "Sequence+Json.swift"; sourceTree = "<group>"; };
		10423D332626D49800EEB297 /* BaseVC.swift */ = {isa = PBXFileReference; fileEncoding = 4; lastKnownFileType = sourcecode.swift; path = BaseVC.swift; sourceTree = "<group>"; };
		10423D352626D49900EEB297 /* WebVC.swift */ = {isa = PBXFileReference; fileEncoding = 4; lastKnownFileType = sourcecode.swift; path = WebVC.swift; sourceTree = "<group>"; };
		10423D362626D49900EEB297 /* BaseCollVC.swift */ = {isa = PBXFileReference; fileEncoding = 4; lastKnownFileType = sourcecode.swift; path = BaseCollVC.swift; sourceTree = "<group>"; };
		10423D372626D49900EEB297 /* BaseTabbarVC.swift */ = {isa = PBXFileReference; fileEncoding = 4; lastKnownFileType = sourcecode.swift; path = BaseTabbarVC.swift; sourceTree = "<group>"; };
		10423D382626D49900EEB297 /* BaseTableVC.swift */ = {isa = PBXFileReference; fileEncoding = 4; lastKnownFileType = sourcecode.swift; path = BaseTableVC.swift; sourceTree = "<group>"; };
		10423D392626D49900EEB297 /* BaseCell.swift */ = {isa = PBXFileReference; fileEncoding = 4; lastKnownFileType = sourcecode.swift; path = BaseCell.swift; sourceTree = "<group>"; };
		10423D3A2626D49900EEB297 /* ScanVC.swift */ = {isa = PBXFileReference; fileEncoding = 4; lastKnownFileType = sourcecode.swift; path = ScanVC.swift; sourceTree = "<group>"; };
		10423D3B2626D49900EEB297 /* BaseNavigationVC.swift */ = {isa = PBXFileReference; fileEncoding = 4; lastKnownFileType = sourcecode.swift; path = BaseNavigationVC.swift; sourceTree = "<group>"; };
		10423D3E2626D49900EEB297 /* BMNetwork.swift */ = {isa = PBXFileReference; fileEncoding = 4; lastKnownFileType = sourcecode.swift; path = BMNetwork.swift; sourceTree = "<group>"; };
		10423D412626D49900EEB297 /* ConstantsLayout.swift */ = {isa = PBXFileReference; fileEncoding = 4; lastKnownFileType = sourcecode.swift; path = ConstantsLayout.swift; sourceTree = "<group>"; };
		10423D432626D49900EEB297 /* BMCache.swift */ = {isa = PBXFileReference; fileEncoding = 4; lastKnownFileType = sourcecode.swift; path = BMCache.swift; sourceTree = "<group>"; };
		10423D442626D49900EEB297 /* Utils.swift */ = {isa = PBXFileReference; fileEncoding = 4; lastKnownFileType = sourcecode.swift; path = Utils.swift; sourceTree = "<group>"; };
		10423D462626D49900EEB297 /* QRCodeManager.swift */ = {isa = PBXFileReference; fileEncoding = 4; lastKnownFileType = sourcecode.swift; path = QRCodeManager.swift; sourceTree = "<group>"; };
		10423DB72626EA9C00EEB297 /* BMApiSet.swift */ = {isa = PBXFileReference; lastKnownFileType = sourcecode.swift; path = BMApiSet.swift; sourceTree = "<group>"; };
		10423DB92626EAFC00EEB297 /* BMRequester.swift */ = {isa = PBXFileReference; lastKnownFileType = sourcecode.swift; path = BMRequester.swift; sourceTree = "<group>"; };
		10423DBC2626F77B00EEB297 /* ZBJsonModel.swift */ = {isa = PBXFileReference; lastKnownFileType = sourcecode.swift; path = ZBJsonModel.swift; sourceTree = "<group>"; };
		10423DCA2626F9CA00EEB297 /* ZBJsonArrayModel.swift */ = {isa = PBXFileReference; lastKnownFileType = sourcecode.swift; path = ZBJsonArrayModel.swift; sourceTree = "<group>"; };
		10423DCC2626F9D400EEB297 /* ZBJsonInt.swift */ = {isa = PBXFileReference; lastKnownFileType = sourcecode.swift; path = ZBJsonInt.swift; sourceTree = "<group>"; };
		10423DCE2626F9DC00EEB297 /* ZBJsonString.swift */ = {isa = PBXFileReference; lastKnownFileType = sourcecode.swift; path = ZBJsonString.swift; sourceTree = "<group>"; };
		10423DD02626F9EC00EEB297 /* ZBJsonDic.swift */ = {isa = PBXFileReference; lastKnownFileType = sourcecode.swift; path = ZBJsonDic.swift; sourceTree = "<group>"; };
		1055D078262F10FC00FF1C83 /* scan-light@3x.png */ = {isa = PBXFileReference; lastKnownFileType = image.png; path = "scan-light@3x.png"; sourceTree = "<group>"; };
		1055D079262F10FC00FF1C83 /* scan-slider.png */ = {isa = PBXFileReference; lastKnownFileType = image.png; path = "scan-slider.png"; sourceTree = "<group>"; };
		1055D07A262F10FC00FF1C83 /* BMback_Icon@3x.png */ = {isa = PBXFileReference; lastKnownFileType = image.png; path = "BMback_Icon@3x.png"; sourceTree = "<group>"; };
		1055D07B262F10FC00FF1C83 /* scan-slider-bg.png */ = {isa = PBXFileReference; lastKnownFileType = image.png; path = "scan-slider-bg.png"; sourceTree = "<group>"; };
		1055D07C262F10FC00FF1C83 /* scan-dark@3x.png */ = {isa = PBXFileReference; lastKnownFileType = image.png; path = "scan-dark@3x.png"; sourceTree = "<group>"; };
		2D328847234ED13800BAFD37 /* DemoVC1.swift */ = {isa = PBXFileReference; lastKnownFileType = sourcecode.swift; path = DemoVC1.swift; sourceTree = "<group>"; };
		2D328848234ED13800BAFD37 /* DemoVC1.xib */ = {isa = PBXFileReference; lastKnownFileType = file.xib; path = DemoVC1.xib; sourceTree = "<group>"; };
		2D32884B234ED3EF00BAFD37 /* temp.png */ = {isa = PBXFileReference; lastKnownFileType = image.png; path = temp.png; sourceTree = "<group>"; };
		2D32885C234EFD7700BAFD37 /* DemoVC4.swift */ = {isa = PBXFileReference; lastKnownFileType = sourcecode.swift; path = DemoVC4.swift; sourceTree = "<group>"; };
		2D32885D234EFD7700BAFD37 /* DemoVC4.xib */ = {isa = PBXFileReference; lastKnownFileType = file.xib; path = DemoVC4.xib; sourceTree = "<group>"; };
		2D328860234F0A8100BAFD37 /* UIKit.framework */ = {isa = PBXFileReference; lastKnownFileType = wrapper.framework; name = UIKit.framework; path = System/Library/Frameworks/UIKit.framework; sourceTree = SDKROOT; };
		2D4BD7222297A13D00E80275 /* BaseUtilsDemo.app */ = {isa = PBXFileReference; explicitFileType = wrapper.application; includeInIndex = 0; path = BaseUtilsDemo.app; sourceTree = BUILT_PRODUCTS_DIR; };
		2D4BD7252297A13D00E80275 /* AppDelegate.swift */ = {isa = PBXFileReference; lastKnownFileType = sourcecode.swift; path = AppDelegate.swift; sourceTree = "<group>"; };
		2D4BD7272297A13D00E80275 /* ViewController.swift */ = {isa = PBXFileReference; lastKnownFileType = sourcecode.swift; path = ViewController.swift; sourceTree = "<group>"; };
		2D4BD72A2297A13D00E80275 /* Base */ = {isa = PBXFileReference; lastKnownFileType = file.storyboard; name = Base; path = Base.lproj/Main.storyboard; sourceTree = "<group>"; };
		2D4BD72C2297A13E00E80275 /* Assets.xcassets */ = {isa = PBXFileReference; lastKnownFileType = folder.assetcatalog; path = Assets.xcassets; sourceTree = "<group>"; };
		2D4BD72F2297A13E00E80275 /* Base */ = {isa = PBXFileReference; lastKnownFileType = file.storyboard; name = Base; path = Base.lproj/LaunchScreen.storyboard; sourceTree = "<group>"; };
		2D4BD7312297A13E00E80275 /* Info.plist */ = {isa = PBXFileReference; lastKnownFileType = text.plist.xml; path = Info.plist; sourceTree = "<group>"; };
		2DBB897523065E6D00C553EB /* test.jpeg */ = {isa = PBXFileReference; lastKnownFileType = image.jpeg; path = test.jpeg; sourceTree = "<group>"; };
		2DF18883230BE67C00BD4502 /* LoginVC.swift */ = {isa = PBXFileReference; lastKnownFileType = sourcecode.swift; path = LoginVC.swift; sourceTree = "<group>"; };
		9B3D04E324937AF200607F3C /* CacheKey.swift */ = {isa = PBXFileReference; fileEncoding = 4; lastKnownFileType = sourcecode.swift; path = CacheKey.swift; sourceTree = "<group>"; };
		9B4834D925996EE7006EBAFC /* MyAnimator.swift */ = {isa = PBXFileReference; lastKnownFileType = sourcecode.swift; path = MyAnimator.swift; sourceTree = "<group>"; };
		9B4D9FAE2593343E00B1E097 /* MaskViewUsedVC.swift */ = {isa = PBXFileReference; lastKnownFileType = sourcecode.swift; path = MaskViewUsedVC.swift; sourceTree = "<group>"; };
		9B4D9FAF2593343E00B1E097 /* MaskViewUsedVC.xib */ = {isa = PBXFileReference; lastKnownFileType = file.xib; path = MaskViewUsedVC.xib; sourceTree = "<group>"; };
		9B4D9FB62594691200B1E097 /* PickerVC.swift */ = {isa = PBXFileReference; lastKnownFileType = sourcecode.swift; path = PickerVC.swift; sourceTree = "<group>"; };
		9B4D9FB72594691200B1E097 /* PickerVC.xib */ = {isa = PBXFileReference; lastKnownFileType = file.xib; path = PickerVC.xib; sourceTree = "<group>"; };
		9B680E61258314B700AC7835 /* AnimTableVC.swift */ = {isa = PBXFileReference; lastKnownFileType = sourcecode.swift; path = AnimTableVC.swift; sourceTree = "<group>"; };
		9B9D461E25958273002B1A94 /* BtnClickAnimVC.swift */ = {isa = PBXFileReference; lastKnownFileType = sourcecode.swift; path = BtnClickAnimVC.swift; sourceTree = "<group>"; };
		9B9D461F25958273002B1A94 /* BtnClickAnimVC.xib */ = {isa = PBXFileReference; lastKnownFileType = file.xib; path = BtnClickAnimVC.xib; sourceTree = "<group>"; };
		9B9D46272595BD2B002B1A94 /* CollectionViewVC.swift */ = {isa = PBXFileReference; lastKnownFileType = sourcecode.swift; path = CollectionViewVC.swift; sourceTree = "<group>"; };
		9B9D46282595BD2B002B1A94 /* CollectionViewVC.xib */ = {isa = PBXFileReference; lastKnownFileType = file.xib; path = CollectionViewVC.xib; sourceTree = "<group>"; };
		9BE021FB258351E00053E315 /* ViewControllerCell.swift */ = {isa = PBXFileReference; lastKnownFileType = sourcecode.swift; path = ViewControllerCell.swift; sourceTree = "<group>"; };
		9BE021FC258351E00053E315 /* ViewControllerCell.xib */ = {isa = PBXFileReference; lastKnownFileType = file.xib; path = ViewControllerCell.xib; sourceTree = "<group>"; };
		9C45A3D0B2F5AA427CB60C0F /* Pods_BaseUtilsDemo.framework */ = {isa = PBXFileReference; explicitFileType = wrapper.framework; includeInIndex = 0; path = Pods_BaseUtilsDemo.framework; sourceTree = BUILT_PRODUCTS_DIR; };
		AF4EEE2F5DA0673AF98C6A5B /* Pods-BaseUtilsDemo.debug.xcconfig */ = {isa = PBXFileReference; includeInIndex = 1; lastKnownFileType = text.xcconfig; name = "Pods-BaseUtilsDemo.debug.xcconfig"; path = "Target Support Files/Pods-BaseUtilsDemo/Pods-BaseUtilsDemo.debug.xcconfig"; sourceTree = "<group>"; };
		FFCFC5FF89A860DA416B9B4D /* Pods-BaseUtilsDemo.release.xcconfig */ = {isa = PBXFileReference; includeInIndex = 1; lastKnownFileType = text.xcconfig; name = "Pods-BaseUtilsDemo.release.xcconfig"; path = "Target Support Files/Pods-BaseUtilsDemo/Pods-BaseUtilsDemo.release.xcconfig"; sourceTree = "<group>"; };
/* End PBXFileReference section */

/* Begin PBXFrameworksBuildPhase section */
		2D4BD71F2297A13D00E80275 /* Frameworks */ = {
			isa = PBXFrameworksBuildPhase;
			buildActionMask = 2147483647;
			files = (
				E213F133FC5871689D240978 /* Pods_BaseUtilsDemo.framework in Frameworks */,
			);
			runOnlyForDeploymentPostprocessing = 0;
		};
/* End PBXFrameworksBuildPhase section */

/* Begin PBXGroup section */
		078E893ACBEED00D09D44944 /* Pods */ = {
			isa = PBXGroup;
			children = (
				AF4EEE2F5DA0673AF98C6A5B /* Pods-BaseUtilsDemo.debug.xcconfig */,
				FFCFC5FF89A860DA416B9B4D /* Pods-BaseUtilsDemo.release.xcconfig */,
			);
			path = Pods;
			sourceTree = "<group>";
		};
		10423CB32626D49800EEB297 /* Sources */ = {
			isa = PBXGroup;
			children = (
				10423CB42626D49800EEB297 /* SwiftBaseUtils */,
			);
			path = Sources;
			sourceTree = "<group>";
		};
		10423CB42626D49800EEB297 /* SwiftBaseUtils */ = {
			isa = PBXGroup;
			children = (
				10423CB52626D49800EEB297 /* GlobalImport.swift */,
				10423CB62626D49800EEB297 /* BMConst.swift */,
				10423CB72626D49800EEB297 /* 自定义视图 */,
				10423D192626D49800EEB297 /* 扩展 */,
				10423D322626D49800EEB297 /* 基类 */,
				10423D3C2626D49900EEB297 /* 工具类 */,
			);
			path = SwiftBaseUtils;
			sourceTree = "<group>";
		};
		10423CB72626D49800EEB297 /* 自定义视图 */ = {
			isa = PBXGroup;
			children = (
				10423CB82626D49800EEB297 /* 提示框 */,
				10423CBF2626D49800EEB297 /* 选择器 */,
				10423CC92626D49800EEB297 /* 图片上传 */,
				10423CD02626D49800EEB297 /* 加载等待 */,
				10423CD32626D49800EEB297 /* CollectionKit */,
				10423D0D2626D49800EEB297 /* 点赞动画 */,
				10423D0F2626D49800EEB297 /* 时间段选择器 */,
				10423D112626D49800EEB297 /* 测试服切换工具 */,
				10423D132626D49800EEB297 /* 轮播 */,
				10423D172626D49800EEB297 /* 图片缩放预览 */,
			);
			path = "自定义视图";
			sourceTree = "<group>";
		};
		10423CB82626D49800EEB297 /* 提示框 */ = {
			isa = PBXGroup;
			children = (
				10423CB92626D49800EEB297 /* Hud.swift */,
				10423CBA2626D49800EEB297 /* AlertView.swift */,
				10423CBB2626D49800EEB297 /* MBProgressHud.swift */,
			);
			path = "提示框";
			sourceTree = "<group>";
		};
		10423CBF2626D49800EEB297 /* 选择器 */ = {
			isa = PBXGroup;
			children = (
				10423CC02626D49800EEB297 /* CustomPicker */,
				10423CC82626D49800EEB297 /* BMPicker.swift */,
			);
			path = "选择器";
			sourceTree = "<group>";
		};
		10423CC02626D49800EEB297 /* CustomPicker */ = {
			isa = PBXGroup;
			children = (
				10423CC12626D49800EEB297 /* BMCityPicker.swift */,
				10423CC22626D49800EEB297 /* CityDataBase */,
				10423CC52626D49800EEB297 /* BMBasePicker.swift */,
				10423CC62626D49800EEB297 /* BMDatePicker.swift */,
				10423CC72626D49800EEB297 /* BMSinglePicker.swift */,
			);
			path = CustomPicker;
			sourceTree = "<group>";
		};
		10423CC22626D49800EEB297 /* CityDataBase */ = {
			isa = PBXGroup;
			children = (
				10423CC32626D49800EEB297 /* city_db.sqlite */,
				10423CC42626D49800EEB297 /* CityDBManager.swift */,
			);
			path = CityDataBase;
			sourceTree = "<group>";
		};
		10423CC92626D49800EEB297 /* 图片上传 */ = {
			isa = PBXGroup;
			children = (
				10423CCA2626D49800EEB297 /* 快速上传 */,
				10423CCC2626D49800EEB297 /* 多图选择控件 */,
			);
			path = "图片上传";
			sourceTree = "<group>";
		};
		10423CCA2626D49800EEB297 /* 快速上传 */ = {
			isa = PBXGroup;
			children = (
				10423CCB2626D49800EEB297 /* ImageChooseTools.swift */,
			);
			path = "快速上传";
			sourceTree = "<group>";
		};
		10423CCC2626D49800EEB297 /* 多图选择控件 */ = {
			isa = PBXGroup;
			children = (
				10423CCD2626D49800EEB297 /* photoDelete@3x.png */,
				10423CCE2626D49800EEB297 /* MultiImgChooseView.swift */,
				10423CCF2626D49800EEB297 /* BMImgItems_UploadImg@3x.png */,
			);
			path = "多图选择控件";
			sourceTree = "<group>";
		};
		10423CD02626D49800EEB297 /* 加载等待 */ = {
			isa = PBXGroup;
			children = (
				10423CD12626D49800EEB297 /* BMIndicatorView.swift */,
				10423CD22626D49800EEB297 /* wuwangluo@3x.png */,
			);
			path = "加载等待";
			sourceTree = "<group>";
		};
		10423CD32626D49800EEB297 /* CollectionKit */ = {
			isa = PBXGroup;
			children = (
				10423CD42626D49800EEB297 /* Animator动画 */,
				10423CD92626D49800EEB297 /* Layout */,
				10423CE72626D49800EEB297 /* Provider */,
				10423CF62626D49800EEB297 /* Utils */,
				10423CFC2626D49800EEB297 /* Source数据源 */,
				10423D092626D49800EEB297 /* Base */,
			);
			path = CollectionKit;
			sourceTree = "<group>";
		};
		10423CD42626D49800EEB297 /* Animator动画 */ = {
			isa = PBXGroup;
			children = (
				10423CD52626D49800EEB297 /* SimpleAnimator.swift */,
				10423CD62626D49800EEB297 /* Animator.swift */,
				10423CD72626D49800EEB297 /* FadeAnimator.swift */,
				10423CD82626D49800EEB297 /* ScaleAnimator.swift */,
			);
			path = "Animator动画";
			sourceTree = "<group>";
		};
		10423CD92626D49800EEB297 /* Layout */ = {
			isa = PBXGroup;
			children = (
				10423CDA2626D49800EEB297 /* StickyLayout.swift */,
				10423CDB2626D49800EEB297 /* TransposeLayout.swift */,
				10423CDC2626D49800EEB297 /* ClosureLayout.swift */,
				10423CDD2626D49800EEB297 /* WrapperLayout.swift */,
				10423CDE2626D49800EEB297 /* RowLayout.swift */,
				10423CDF2626D49800EEB297 /* LayoutContext.swift */,
				10423CE02626D49800EEB297 /* OverlayLayout.swift */,
				10423CE12626D49800EEB297 /* VisibleFrameInsetLayout.swift */,
				10423CE22626D49800EEB297 /* LayoutHelper.swift */,
				10423CE32626D49800EEB297 /* FlowLayout.swift */,
				10423CE42626D49800EEB297 /* WaterfallLayout.swift */,
				10423CE52626D49800EEB297 /* Layout.swift */,
				10423CE62626D49800EEB297 /* SimpleLayout.swift */,
			);
			path = Layout;
			sourceTree = "<group>";
		};
		10423CE72626D49800EEB297 /* Provider */ = {
			isa = PBXGroup;
			children = (
				10423CE82626D49800EEB297 /* SimpleViewProvider.swift */,
				10423CE92626D49800EEB297 /* ComposedHeaderProvider+Convenience.swift */,
				10423CEA2626D49800EEB297 /* EmptyStateProvider.swift */,
				10423CEB2626D49800EEB297 /* EmptyCollectionProvider.swift */,
				10423CEC2626D49800EEB297 /* Provider.swift */,
				10423CED2626D49800EEB297 /* LayoutableProvider.swift */,
				10423CEE2626D49800EEB297 /* BasicProvider.swift */,
				10423CEF2626D49800EEB297 /* SectionProvider.swift */,
				10423CF02626D49800EEB297 /* ItemProvider.swift */,
				10423CF12626D49800EEB297 /* InsetLayout.swift */,
				10423CF22626D49800EEB297 /* ComposedHeaderProvider.swift */,
				10423CF32626D49800EEB297 /* FlattenedProvider.swift */,
				10423CF42626D49800EEB297 /* SpaceProvider.swift */,
				10423CF52626D49800EEB297 /* ComposedProvider.swift */,
			);
			path = Provider;
			sourceTree = "<group>";
		};
		10423CF62626D49800EEB297 /* Utils */ = {
			isa = PBXGroup;
			children = (
				10423CF72626D49800EEB297 /* CollectionKit_Util.swift */,
				10423CF82626D49800EEB297 /* UIScrollView+CollectionKit.swift */,
				10423CF92626D49800EEB297 /* BasicProvider+Convenience.swift */,
				10423CFA2626D49800EEB297 /* UIView+CollectionKit.swift */,
				10423CFB2626D49800EEB297 /* Deprecated.swift */,
			);
			path = Utils;
			sourceTree = "<group>";
		};
		10423CFC2626D49800EEB297 /* Source数据源 */ = {
			isa = PBXGroup;
			children = (
				10423CFD2626D49800EEB297 /* ClosureViewSource.swift */,
				10423CFE2626D49800EEB297 /* UIImageSizeSource.swift */,
				10423CFF2626D49800EEB297 /* AutoLayoutSizeSource.swift */,
				10423D002626D49800EEB297 /* ComposedViewSource.swift */,
				10423D012626D49800EEB297 /* ViewSource.swift */,
				10423D022626D49800EEB297 /* SizeSource.swift */,
				10423D032626D49800EEB297 /* SimpleViewSizeSource.swift */,
				10423D042626D49800EEB297 /* DataSource.swift */,
				10423D052626D49800EEB297 /* ClosureDataSource.swift */,
				10423D062626D49800EEB297 /* AnyViewSource.swift */,
				10423D072626D49800EEB297 /* ArrayDataSource.swift */,
				10423D082626D49800EEB297 /* ClosureSizeSource.swift */,
			);
			path = "Source数据源";
			sourceTree = "<group>";
		};
		10423D092626D49800EEB297 /* Base */ = {
			isa = PBXGroup;
			children = (
				10423D0A2626D49800EEB297 /* CollectionView.swift */,
				10423D0B2626D49800EEB297 /* CollectionReloadable.swift */,
				10423D0C2626D49800EEB297 /* CollectionReuseViewManager.swift */,
			);
			path = Base;
			sourceTree = "<group>";
		};
		10423D0D2626D49800EEB297 /* 点赞动画 */ = {
			isa = PBXGroup;
			children = (
				10423D0E2626D49800EEB297 /* DOFavoriteButton.swift */,
			);
			path = "点赞动画";
			sourceTree = "<group>";
		};
		10423D0F2626D49800EEB297 /* 时间段选择器 */ = {
			isa = PBXGroup;
			children = (
				10423D102626D49800EEB297 /* BMTimeIntervalPicker.swift */,
			);
			path = "时间段选择器";
			sourceTree = "<group>";
		};
		10423D112626D49800EEB297 /* 测试服切换工具 */ = {
			isa = PBXGroup;
			children = (
				10423D122626D49800EEB297 /* HostConfig.swift */,
			);
			path = "测试服切换工具";
			sourceTree = "<group>";
		};
		10423D132626D49800EEB297 /* 轮播 */ = {
			isa = PBXGroup;
			children = (
				10423D142626D49800EEB297 /* CellFlowLayout.swift */,
				10423D152626D49800EEB297 /* CycleCell.swift */,
				10423D162626D49800EEB297 /* CycleView.swift */,
			);
			path = "轮播";
			sourceTree = "<group>";
		};
		10423D172626D49800EEB297 /* 图片缩放预览 */ = {
			isa = PBXGroup;
			children = (
				10423D182626D49800EEB297 /* BMScaleView.swift */,
			);
			path = "图片缩放预览";
			sourceTree = "<group>";
		};
		10423D192626D49800EEB297 /* 扩展 */ = {
			isa = PBXGroup;
			children = (
				10423D1A2626D49800EEB297 /* Xib */,
				10423D1C2626D49800EEB297 /* Color */,
				10423D1E2626D49800EEB297 /* Date */,
				10423D212626D49800EEB297 /* Number */,
				10423D242626D49800EEB297 /* View */,
				10423D282626D49800EEB297 /* Kingfisher */,
				10423D2A2626D49800EEB297 /* String */,
				10423D2E2626D49800EEB297 /* Set */,
			);
			path = "扩展";
			sourceTree = "<group>";
		};
		10423D1A2626D49800EEB297 /* Xib */ = {
			isa = PBXGroup;
			children = (
				10423D1B2626D49800EEB297 /* NibLoadable.swift */,
			);
			path = Xib;
			sourceTree = "<group>";
		};
		10423D1C2626D49800EEB297 /* Color */ = {
			isa = PBXGroup;
			children = (
				10423D1D2626D49800EEB297 /* UIColor+Utils.swift */,
			);
			path = Color;
			sourceTree = "<group>";
		};
		10423D1E2626D49800EEB297 /* Date */ = {
			isa = PBXGroup;
			children = (
				10423D1F2626D49800EEB297 /* Date+String.swift */,
				10423D202626D49800EEB297 /* Date+Utils.swift */,
			);
			path = Date;
			sourceTree = "<group>";
		};
		10423D212626D49800EEB297 /* Number */ = {
			isa = PBXGroup;
			children = (
				10423D222626D49800EEB297 /* Number+Formate.swift */,
				10423D232626D49800EEB297 /* Number+String.swift */,
			);
			path = Number;
			sourceTree = "<group>";
		};
		10423D242626D49800EEB297 /* View */ = {
			isa = PBXGroup;
			children = (
				10423D252626D49800EEB297 /* UIImage+Extension.swift */,
				10423D262626D49800EEB297 /* UIButton+uploadImg.swift */,
				10423D272626D49800EEB297 /* UIView+IBInspectable.swift */,
			);
			path = View;
			sourceTree = "<group>";
		};
		10423D282626D49800EEB297 /* Kingfisher */ = {
			isa = PBXGroup;
			children = (
				10423D292626D49800EEB297 /* Kingfisher+Utils.swift */,
			);
			path = Kingfisher;
			sourceTree = "<group>";
		};
		10423D2A2626D49800EEB297 /* String */ = {
			isa = PBXGroup;
			children = (
				10423D2B2626D49800EEB297 /* String+Substring.swift */,
				10423D2C2626D49800EEB297 /* String+MD5.swift */,
				10423D2D2626D49800EEB297 /* String+Utils.swift */,
			);
			path = String;
			sourceTree = "<group>";
		};
		10423D2E2626D49800EEB297 /* Set */ = {
			isa = PBXGroup;
			children = (
				10423D2F2626D49800EEB297 /* Array+Utils.swift */,
				10423D302626D49800EEB297 /* Dictionary+Utils.swift */,
				10423D312626D49800EEB297 /* Sequence+Json.swift */,
			);
			path = Set;
			sourceTree = "<group>";
		};
		10423D322626D49800EEB297 /* 基类 */ = {
			isa = PBXGroup;
			children = (
				1055D077262F10FC00FF1C83 /* 导航栏图标 */,
				10423D332626D49800EEB297 /* BaseVC.swift */,
				10423D352626D49900EEB297 /* WebVC.swift */,
				10423D362626D49900EEB297 /* BaseCollVC.swift */,
				10423D372626D49900EEB297 /* BaseTabbarVC.swift */,
				10423D382626D49900EEB297 /* BaseTableVC.swift */,
				10423D392626D49900EEB297 /* BaseCell.swift */,
				10423D3A2626D49900EEB297 /* ScanVC.swift */,
				10423D3B2626D49900EEB297 /* BaseNavigationVC.swift */,
			);
			path = "基类";
			sourceTree = "<group>";
		};
		10423D3C2626D49900EEB297 /* 工具类 */ = {
			isa = PBXGroup;
			children = (
				10423D3D2626D49900EEB297 /* 请求 */,
				10423D402626D49900EEB297 /* 约束 */,
				10423D422626D49900EEB297 /* 缓存 */,
				10423D442626D49900EEB297 /* Utils.swift */,
				10423D452626D49900EEB297 /* 二维码 */,
			);
			path = "工具类";
			sourceTree = "<group>";
		};
		10423D3D2626D49900EEB297 /* 请求 */ = {
			isa = PBXGroup;
			children = (
				10423DBB2626F73600EEB297 /* RespModel */,
				10423DB72626EA9C00EEB297 /* BMApiSet.swift */,
				10423DB92626EAFC00EEB297 /* BMRequester.swift */,
				10423D3E2626D49900EEB297 /* BMNetwork.swift */,
			);
			path = "请求";
			sourceTree = "<group>";
		};
		10423D402626D49900EEB297 /* 约束 */ = {
			isa = PBXGroup;
			children = (
				10423D412626D49900EEB297 /* ConstantsLayout.swift */,
			);
			path = "约束";
			sourceTree = "<group>";
		};
		10423D422626D49900EEB297 /* 缓存 */ = {
			isa = PBXGroup;
			children = (
				10423D432626D49900EEB297 /* BMCache.swift */,
			);
			path = "缓存";
			sourceTree = "<group>";
		};
		10423D452626D49900EEB297 /* 二维码 */ = {
			isa = PBXGroup;
			children = (
				10423D462626D49900EEB297 /* QRCodeManager.swift */,
			);
			path = "二维码";
			sourceTree = "<group>";
		};
		10423DBB2626F73600EEB297 /* RespModel */ = {
			isa = PBXGroup;
			children = (
				10423DBC2626F77B00EEB297 /* ZBJsonModel.swift */,
				10423DCA2626F9CA00EEB297 /* ZBJsonArrayModel.swift */,
				10423DCC2626F9D400EEB297 /* ZBJsonInt.swift */,
				10423DCE2626F9DC00EEB297 /* ZBJsonString.swift */,
				10423DD02626F9EC00EEB297 /* ZBJsonDic.swift */,
			);
			path = RespModel;
			sourceTree = "<group>";
		};
		1055D077262F10FC00FF1C83 /* 导航栏图标 */ = {
			isa = PBXGroup;
			children = (
				1055D078262F10FC00FF1C83 /* scan-light@3x.png */,
				1055D079262F10FC00FF1C83 /* scan-slider.png */,
				1055D07A262F10FC00FF1C83 /* BMback_Icon@3x.png */,
				1055D07B262F10FC00FF1C83 /* scan-slider-bg.png */,
				1055D07C262F10FC00FF1C83 /* scan-dark@3x.png */,
			);
			path = "导航栏图标";
			sourceTree = "<group>";
		};
		2D0AD6FE2303CDE4004C5C90 /* VC */ = {
			isa = PBXGroup;
			children = (
				2D4BD7272297A13D00E80275 /* ViewController.swift */,
				2DF18883230BE67C00BD4502 /* LoginVC.swift */,
				9B4D9FB225942DC000B1E097 /* cell */,
				9B4D9FAB2593334000B1E097 /* 1、遮罩MaskView */,
				9B680E602583147D00AC7835 /* 2、Cell动画+加载器 */,
				9B4D9FB32594683A00B1E097 /* 3、选择器 */,
				2D328844234ED0F600BAFD37 /* 4、图片缩放预览 */,
				9B9D461D25958247002B1A94 /* 5、按钮点击动画 */,
				9B9D462425959A12002B1A94 /* 6、CollectionKit使用 */,
				2D328857234EFD2300BAFD37 /* 4.图片上传 */,
			);
			path = VC;
			sourceTree = "<group>";
		};
		2D328844234ED0F600BAFD37 /* 4、图片缩放预览 */ = {
			isa = PBXGroup;
			children = (
				2D32884B234ED3EF00BAFD37 /* temp.png */,
				2D328847234ED13800BAFD37 /* DemoVC1.swift */,
				2D328848234ED13800BAFD37 /* DemoVC1.xib */,
			);
			path = "4、图片缩放预览";
			sourceTree = "<group>";
		};
		2D328857234EFD2300BAFD37 /* 4.图片上传 */ = {
			isa = PBXGroup;
			children = (
				2D32885C234EFD7700BAFD37 /* DemoVC4.swift */,
				2D32885D234EFD7700BAFD37 /* DemoVC4.xib */,
			);
			path = "4.图片上传";
			sourceTree = "<group>";
		};
		2D3F994722DDA9F7005B4F8D /* supports */ = {
			isa = PBXGroup;
			children = (
				9B87C2E8249201BD00D819DA /* Utils_Custom */,
				2DBB897523065E6D00C553EB /* test.jpeg */,
				2D4BD7312297A13E00E80275 /* Info.plist */,
				2D4BD7292297A13D00E80275 /* Main.storyboard */,
				2D4BD72C2297A13E00E80275 /* Assets.xcassets */,
				2D4BD72E2297A13E00E80275 /* LaunchScreen.storyboard */,
			);
			path = supports;
			sourceTree = "<group>";
		};
		2D4BD7192297A13C00E80275 = {
			isa = PBXGroup;
			children = (
				10423CB32626D49800EEB297 /* Sources */,
				2D4BD7242297A13D00E80275 /* BaseUtilsDemo */,
				2D4BD7232297A13D00E80275 /* Products */,
				078E893ACBEED00D09D44944 /* Pods */,
				2EB5198E136C1A8D5006E60A /* Frameworks */,
			);
			sourceTree = "<group>";
		};
		2D4BD7232297A13D00E80275 /* Products */ = {
			isa = PBXGroup;
			children = (
				2D4BD7222297A13D00E80275 /* BaseUtilsDemo.app */,
			);
			name = Products;
			sourceTree = "<group>";
		};
		2D4BD7242297A13D00E80275 /* BaseUtilsDemo */ = {
			isa = PBXGroup;
			children = (
				2D0AD6FE2303CDE4004C5C90 /* VC */,
				2D3F994722DDA9F7005B4F8D /* supports */,
				2D4BD7252297A13D00E80275 /* AppDelegate.swift */,
			);
			path = BaseUtilsDemo;
			sourceTree = "<group>";
		};
		2EB5198E136C1A8D5006E60A /* Frameworks */ = {
			isa = PBXGroup;
			children = (
				2D328860234F0A8100BAFD37 /* UIKit.framework */,
				9C45A3D0B2F5AA427CB60C0F /* Pods_BaseUtilsDemo.framework */,
			);
			name = Frameworks;
			sourceTree = "<group>";
		};
		9B4D9FAB2593334000B1E097 /* 1、遮罩MaskView */ = {
			isa = PBXGroup;
			children = (
				9B4D9FAE2593343E00B1E097 /* MaskViewUsedVC.swift */,
				9B4D9FAF2593343E00B1E097 /* MaskViewUsedVC.xib */,
			);
			path = "1、遮罩MaskView";
			sourceTree = "<group>";
		};
		9B4D9FB225942DC000B1E097 /* cell */ = {
			isa = PBXGroup;
			children = (
				9BE021FB258351E00053E315 /* ViewControllerCell.swift */,
				9BE021FC258351E00053E315 /* ViewControllerCell.xib */,
			);
			path = cell;
			sourceTree = "<group>";
		};
		9B4D9FB32594683A00B1E097 /* 3、选择器 */ = {
			isa = PBXGroup;
			children = (
				9B4D9FB62594691200B1E097 /* PickerVC.swift */,
				9B4D9FB72594691200B1E097 /* PickerVC.xib */,
			);
			path = "3、选择器";
			sourceTree = "<group>";
		};
		9B680E602583147D00AC7835 /* 2、Cell动画+加载器 */ = {
			isa = PBXGroup;
			children = (
				9B680E61258314B700AC7835 /* AnimTableVC.swift */,
			);
			path = "2、Cell动画+加载器";
			sourceTree = "<group>";
		};
		9B87C2E8249201BD00D819DA /* Utils_Custom */ = {
			isa = PBXGroup;
			children = (
				9B3D04E324937AF200607F3C /* CacheKey.swift */,
			);
			path = Utils_Custom;
			sourceTree = "<group>";
		};
		9B9D461D25958247002B1A94 /* 5、按钮点击动画 */ = {
			isa = PBXGroup;
			children = (
				9B9D461E25958273002B1A94 /* BtnClickAnimVC.swift */,
				9B9D461F25958273002B1A94 /* BtnClickAnimVC.xib */,
			);
			path = "5、按钮点击动画";
			sourceTree = "<group>";
		};
		9B9D462425959A12002B1A94 /* 6、CollectionKit使用 */ = {
			isa = PBXGroup;
			children = (
				9B9D46272595BD2B002B1A94 /* CollectionViewVC.swift */,
				9B9D46282595BD2B002B1A94 /* CollectionViewVC.xib */,
				9B4834D925996EE7006EBAFC /* MyAnimator.swift */,
			);
			path = "6、CollectionKit使用";
			sourceTree = "<group>";
		};
/* End PBXGroup section */

/* Begin PBXNativeTarget section */
		2D4BD7212297A13D00E80275 /* BaseUtilsDemo */ = {
			isa = PBXNativeTarget;
			buildConfigurationList = 2D4BD7342297A13E00E80275 /* Build configuration list for PBXNativeTarget "BaseUtilsDemo" */;
			buildPhases = (
				ADDE7BF2A1844DF4880F0A19 /* [CP] Check Pods Manifest.lock */,
				2D4BD71E2297A13D00E80275 /* Sources */,
				2D4BD71F2297A13D00E80275 /* Frameworks */,
				2D4BD7202297A13D00E80275 /* Resources */,
				870EF70FD960F407DC3CE914 /* [CP] Embed Pods Frameworks */,
				2D3F995D22DDAB8E005B4F8D /* Embed Frameworks */,
			);
			buildRules = (
			);
			dependencies = (
			);
			name = BaseUtilsDemo;
			productName = BaseUtilsDemo;
			productReference = 2D4BD7222297A13D00E80275 /* BaseUtilsDemo.app */;
			productType = "com.apple.product-type.application";
		};
/* End PBXNativeTarget section */

/* Begin PBXProject section */
		2D4BD71A2297A13C00E80275 /* Project object */ = {
			isa = PBXProject;
			attributes = {
				LastSwiftUpdateCheck = 1020;
				LastUpgradeCheck = 1020;
				ORGANIZATIONNAME = yimi;
				TargetAttributes = {
					2D4BD7212297A13D00E80275 = {
						CreatedOnToolsVersion = 10.2.1;
					};
				};
			};
			buildConfigurationList = 2D4BD71D2297A13C00E80275 /* Build configuration list for PBXProject "BaseUtilsDemo" */;
			compatibilityVersion = "Xcode 9.3";
			developmentRegion = en;
			hasScannedForEncodings = 0;
			knownRegions = (
				en,
				Base,
			);
			mainGroup = 2D4BD7192297A13C00E80275;
			productRefGroup = 2D4BD7232297A13D00E80275 /* Products */;
			projectDirPath = "";
			projectRoot = "";
			targets = (
				2D4BD7212297A13D00E80275 /* BaseUtilsDemo */,
			);
		};
/* End PBXProject section */

/* Begin PBXResourcesBuildPhase section */
		2D4BD7202297A13D00E80275 /* Resources */ = {
			isa = PBXResourcesBuildPhase;
			buildActionMask = 2147483647;
			files = (
				1055D080262F10FC00FF1C83 /* scan-slider-bg.png in Resources */,
				1055D07F262F10FC00FF1C83 /* BMback_Icon@3x.png in Resources */,
				2D32885F234EFD7700BAFD37 /* DemoVC4.xib in Resources */,
				1055D07D262F10FC00FF1C83 /* scan-light@3x.png in Resources */,
				9B4D9FB92594691200B1E097 /* PickerVC.xib in Resources */,
				9B4D9FB12593343E00B1E097 /* MaskViewUsedVC.xib in Resources */,
				2D32884C234ED3EF00BAFD37 /* temp.png in Resources */,
				1055D07E262F10FC00FF1C83 /* scan-slider.png in Resources */,
				9BE021FE258351E00053E315 /* ViewControllerCell.xib in Resources */,
				10423D552626D49900EEB297 /* photoDelete@3x.png in Resources */,
				10423D572626D49900EEB297 /* BMImgItems_UploadImg@3x.png in Resources */,
				10423D592626D49900EEB297 /* wuwangluo@3x.png in Resources */,
				2DBB897623065E6D00C553EB /* test.jpeg in Resources */,
				2D4BD7302297A13E00E80275 /* LaunchScreen.storyboard in Resources */,
				9B9D462A2595BD2B002B1A94 /* CollectionViewVC.xib in Resources */,
				2D32884A234ED13800BAFD37 /* DemoVC1.xib in Resources */,
				2D4BD72D2297A13E00E80275 /* Assets.xcassets in Resources */,
				9B9D462125958273002B1A94 /* BtnClickAnimVC.xib in Resources */,
				2D4BD72B2297A13D00E80275 /* Main.storyboard in Resources */,
				10423D4E2626D49900EEB297 /* city_db.sqlite in Resources */,
				1055D081262F10FC00FF1C83 /* scan-dark@3x.png in Resources */,
			);
			runOnlyForDeploymentPostprocessing = 0;
		};
/* End PBXResourcesBuildPhase section */

/* Begin PBXShellScriptBuildPhase section */
		870EF70FD960F407DC3CE914 /* [CP] Embed Pods Frameworks */ = {
			isa = PBXShellScriptBuildPhase;
			buildActionMask = 2147483647;
			files = (
			);
			inputFileListPaths = (
			);
			inputPaths = (
				"${PODS_ROOT}/Target Support Files/Pods-BaseUtilsDemo/Pods-BaseUtilsDemo-frameworks.sh",
				"${BUILT_PRODUCTS_DIR}/Alamofire/Alamofire.framework",
				"${BUILT_PRODUCTS_DIR}/CLImagePickerTool/CLImagePickerTool.framework",
				"${BUILT_PRODUCTS_DIR}/HandyJSON/HandyJSON.framework",
				"${BUILT_PRODUCTS_DIR}/Hero/Hero.framework",
				"${BUILT_PRODUCTS_DIR}/IQKeyboardManagerSwift/IQKeyboardManagerSwift.framework",
				"${BUILT_PRODUCTS_DIR}/Kingfisher/Kingfisher.framework",
				"${BUILT_PRODUCTS_DIR}/MJRefresh/MJRefresh.framework",
				"${BUILT_PRODUCTS_DIR}/NVActivityIndicatorView/NVActivityIndicatorView.framework",
				"${BUILT_PRODUCTS_DIR}/SQLite.swift/SQLite.framework",
				"${BUILT_PRODUCTS_DIR}/SwiftyUserDefaults/SwiftyUserDefaults.framework",
			);
			name = "[CP] Embed Pods Frameworks";
			outputFileListPaths = (
			);
			outputPaths = (
				"${TARGET_BUILD_DIR}/${FRAMEWORKS_FOLDER_PATH}/Alamofire.framework",
				"${TARGET_BUILD_DIR}/${FRAMEWORKS_FOLDER_PATH}/CLImagePickerTool.framework",
				"${TARGET_BUILD_DIR}/${FRAMEWORKS_FOLDER_PATH}/HandyJSON.framework",
				"${TARGET_BUILD_DIR}/${FRAMEWORKS_FOLDER_PATH}/Hero.framework",
				"${TARGET_BUILD_DIR}/${FRAMEWORKS_FOLDER_PATH}/IQKeyboardManagerSwift.framework",
				"${TARGET_BUILD_DIR}/${FRAMEWORKS_FOLDER_PATH}/Kingfisher.framework",
				"${TARGET_BUILD_DIR}/${FRAMEWORKS_FOLDER_PATH}/MJRefresh.framework",
				"${TARGET_BUILD_DIR}/${FRAMEWORKS_FOLDER_PATH}/NVActivityIndicatorView.framework",
				"${TARGET_BUILD_DIR}/${FRAMEWORKS_FOLDER_PATH}/SQLite.framework",
				"${TARGET_BUILD_DIR}/${FRAMEWORKS_FOLDER_PATH}/SwiftyUserDefaults.framework",
			);
			runOnlyForDeploymentPostprocessing = 0;
			shellPath = /bin/sh;
			shellScript = "\"${PODS_ROOT}/Target Support Files/Pods-BaseUtilsDemo/Pods-BaseUtilsDemo-frameworks.sh\"\n";
			showEnvVarsInLog = 0;
		};
		ADDE7BF2A1844DF4880F0A19 /* [CP] Check Pods Manifest.lock */ = {
			isa = PBXShellScriptBuildPhase;
			buildActionMask = 2147483647;
			files = (
			);
			inputFileListPaths = (
			);
			inputPaths = (
				"${PODS_PODFILE_DIR_PATH}/Podfile.lock",
				"${PODS_ROOT}/Manifest.lock",
			);
			name = "[CP] Check Pods Manifest.lock";
			outputFileListPaths = (
			);
			outputPaths = (
				"$(DERIVED_FILE_DIR)/Pods-BaseUtilsDemo-checkManifestLockResult.txt",
			);
			runOnlyForDeploymentPostprocessing = 0;
			shellPath = /bin/sh;
			shellScript = "diff \"${PODS_PODFILE_DIR_PATH}/Podfile.lock\" \"${PODS_ROOT}/Manifest.lock\" > /dev/null\nif [ $? != 0 ] ; then\n    # print error to STDERR\n    echo \"error: The sandbox is not in sync with the Podfile.lock. Run 'pod install' or update your CocoaPods installation.\" >&2\n    exit 1\nfi\n# This output is used by Xcode 'outputs' to avoid re-running this script phase.\necho \"SUCCESS\" > \"${SCRIPT_OUTPUT_FILE_0}\"\n";
			showEnvVarsInLog = 0;
		};
/* End PBXShellScriptBuildPhase section */

/* Begin PBXSourcesBuildPhase section */
		2D4BD71E2297A13D00E80275 /* Sources */ = {
			isa = PBXSourcesBuildPhase;
			buildActionMask = 2147483647;
			files = (
				10423D682626D49900EEB297 /* WaterfallLayout.swift in Sources */,
				10423D6E2626D49900EEB297 /* EmptyCollectionProvider.swift in Sources */,
				10423D5B2626D49900EEB297 /* Animator.swift in Sources */,
				10423D5C2626D49900EEB297 /* FadeAnimator.swift in Sources */,
				9B3D04E424937AF200607F3C /* CacheKey.swift in Sources */,
				10423D7B2626D49900EEB297 /* BasicProvider+Convenience.swift in Sources */,
				10423D622626D49900EEB297 /* RowLayout.swift in Sources */,
				10423D842626D49900EEB297 /* SimpleViewSizeSource.swift in Sources */,
				10423D4F2626D49900EEB297 /* CityDBManager.swift in Sources */,
				10423D8A2626D49900EEB297 /* CollectionView.swift in Sources */,
				10423D912626D49900EEB297 /* CycleCell.swift in Sources */,
				10423D6A2626D49900EEB297 /* SimpleLayout.swift in Sources */,
				10423D812626D49900EEB297 /* ComposedViewSource.swift in Sources */,
				10423DA82626D49900EEB297 /* BaseTabbarVC.swift in Sources */,
				10423DB12626D49900EEB297 /* Utils.swift in Sources */,
				10423D962626D49900EEB297 /* Date+String.swift in Sources */,
				10423D6F2626D49900EEB297 /* Provider.swift in Sources */,
				10423D832626D49900EEB297 /* SizeSource.swift in Sources */,
				10423D632626D49900EEB297 /* LayoutContext.swift in Sources */,
				10423D5E2626D49900EEB297 /* StickyLayout.swift in Sources */,
				10423D822626D49900EEB297 /* ViewSource.swift in Sources */,
				10423D472626D49900EEB297 /* GlobalImport.swift in Sources */,
				10423DA72626D49900EEB297 /* BaseCollVC.swift in Sources */,
				9B680E62258314B700AC7835 /* AnimTableVC.swift in Sources */,
				10423D982626D49900EEB297 /* Number+Formate.swift in Sources */,
				10423DB82626EA9C00EEB297 /* BMApiSet.swift in Sources */,
				10423D772626D49900EEB297 /* SpaceProvider.swift in Sources */,
				10423D732626D49900EEB297 /* ItemProvider.swift in Sources */,
				10423DAB2626D49900EEB297 /* ScanVC.swift in Sources */,
				10423D5F2626D49900EEB297 /* TransposeLayout.swift in Sources */,
				10423D702626D49900EEB297 /* LayoutableProvider.swift in Sources */,
				10423D652626D49900EEB297 /* VisibleFrameInsetLayout.swift in Sources */,
				10423D892626D49900EEB297 /* ClosureSizeSource.swift in Sources */,
				10423D512626D49900EEB297 /* BMDatePicker.swift in Sources */,
				10423DCF2626F9DC00EEB297 /* ZBJsonString.swift in Sources */,
				10423D4D2626D49900EEB297 /* BMCityPicker.swift in Sources */,
				9B9D46292595BD2B002B1A94 /* CollectionViewVC.swift in Sources */,
				10423D482626D49900EEB297 /* BMConst.swift in Sources */,
				10423D4B2626D49900EEB297 /* MBProgressHud.swift in Sources */,
				10423D872626D49900EEB297 /* AnyViewSource.swift in Sources */,
				10423D492626D49900EEB297 /* Hud.swift in Sources */,
				10423D862626D49900EEB297 /* ClosureDataSource.swift in Sources */,
				10423D852626D49900EEB297 /* DataSource.swift in Sources */,
				10423DAA2626D49900EEB297 /* BaseCell.swift in Sources */,
				10423D5A2626D49900EEB297 /* SimpleAnimator.swift in Sources */,
				10423D672626D49900EEB297 /* FlowLayout.swift in Sources */,
				10423D7D2626D49900EEB297 /* Deprecated.swift in Sources */,
				10423D952626D49900EEB297 /* UIColor+Utils.swift in Sources */,
				10423D902626D49900EEB297 /* CellFlowLayout.swift in Sources */,
				10423D532626D49900EEB297 /* BMPicker.swift in Sources */,
				10423DAF2626D49900EEB297 /* ConstantsLayout.swift in Sources */,
				10423DCD2626F9D400EEB297 /* ZBJsonInt.swift in Sources */,
				10423DBA2626EAFC00EEB297 /* BMRequester.swift in Sources */,
				10423D562626D49900EEB297 /* MultiImgChooseView.swift in Sources */,
				10423DA62626D49900EEB297 /* WebVC.swift in Sources */,
				10423D802626D49900EEB297 /* AutoLayoutSizeSource.swift in Sources */,
				10423D8E2626D49900EEB297 /* BMTimeIntervalPicker.swift in Sources */,
				10423DA42626D49900EEB297 /* BaseVC.swift in Sources */,
				9BE021FD258351E00053E315 /* ViewControllerCell.swift in Sources */,
				10423D5D2626D49900EEB297 /* ScaleAnimator.swift in Sources */,
				10423D7F2626D49900EEB297 /* UIImageSizeSource.swift in Sources */,
				10423D662626D49900EEB297 /* LayoutHelper.swift in Sources */,
				10423D942626D49900EEB297 /* NibLoadable.swift in Sources */,
				10423D792626D49900EEB297 /* CollectionKit_Util.swift in Sources */,
				10423D6B2626D49900EEB297 /* SimpleViewProvider.swift in Sources */,
				2D328849234ED13800BAFD37 /* DemoVC1.swift in Sources */,
				10423D8D2626D49900EEB297 /* DOFavoriteButton.swift in Sources */,
				10423D972626D49900EEB297 /* Date+Utils.swift in Sources */,
				10423D8B2626D49900EEB297 /* CollectionReloadable.swift in Sources */,
				10423D7C2626D49900EEB297 /* UIView+CollectionKit.swift in Sources */,
				10423DAC2626D49900EEB297 /* BaseNavigationVC.swift in Sources */,
				10423D762626D49900EEB297 /* FlattenedProvider.swift in Sources */,
				10423D7E2626D49900EEB297 /* ClosureViewSource.swift in Sources */,
				10423D932626D49900EEB297 /* BMScaleView.swift in Sources */,
				10423D9B2626D49900EEB297 /* UIButton+uploadImg.swift in Sources */,
				10423D742626D49900EEB297 /* InsetLayout.swift in Sources */,
				10423D9E2626D49900EEB297 /* String+Substring.swift in Sources */,
				10423D9F2626D49900EEB297 /* String+MD5.swift in Sources */,
				10423D582626D49900EEB297 /* BMIndicatorView.swift in Sources */,
				10423DAD2626D49900EEB297 /* BMNetwork.swift in Sources */,
				2D32885E234EFD7700BAFD37 /* DemoVC4.swift in Sources */,
				10423DD12626F9EC00EEB297 /* ZBJsonDic.swift in Sources */,
				10423D692626D49900EEB297 /* Layout.swift in Sources */,
				10423D9A2626D49900EEB297 /* UIImage+Extension.swift in Sources */,
				10423D722626D49900EEB297 /* SectionProvider.swift in Sources */,
				10423DCB2626F9CA00EEB297 /* ZBJsonArrayModel.swift in Sources */,
				10423D6C2626D49900EEB297 /* ComposedHeaderProvider+Convenience.swift in Sources */,
				10423D7A2626D49900EEB297 /* UIScrollView+CollectionKit.swift in Sources */,
				10423D992626D49900EEB297 /* Number+String.swift in Sources */,
				10423D922626D49900EEB297 /* CycleView.swift in Sources */,
				10423D8F2626D49900EEB297 /* HostConfig.swift in Sources */,
				10423D522626D49900EEB297 /* BMSinglePicker.swift in Sources */,
				10423DA02626D49900EEB297 /* String+Utils.swift in Sources */,
				9B9D462025958273002B1A94 /* BtnClickAnimVC.swift in Sources */,
				10423D602626D49900EEB297 /* ClosureLayout.swift in Sources */,
				10423D9C2626D49900EEB297 /* UIView+IBInspectable.swift in Sources */,
				10423D712626D49900EEB297 /* BasicProvider.swift in Sources */,
				10423DA22626D49900EEB297 /* Dictionary+Utils.swift in Sources */,
				10423D782626D49900EEB297 /* ComposedProvider.swift in Sources */,
				10423DB22626D49900EEB297 /* QRCodeManager.swift in Sources */,
				2D4BD7282297A13D00E80275 /* ViewController.swift in Sources */,
				10423D8C2626D49900EEB297 /* CollectionReuseViewManager.swift in Sources */,
				10423DBD2626F77B00EEB297 /* ZBJsonModel.swift in Sources */,
				2DF18884230BE67C00BD4502 /* LoginVC.swift in Sources */,
				9B4D9FB02593343E00B1E097 /* MaskViewUsedVC.swift in Sources */,
				10423D612626D49900EEB297 /* WrapperLayout.swift in Sources */,
				10423D642626D49900EEB297 /* OverlayLayout.swift in Sources */,
				10423DA32626D49900EEB297 /* Sequence+Json.swift in Sources */,
				10423DA92626D49900EEB297 /* BaseTableVC.swift in Sources */,
				10423D502626D49900EEB297 /* BMBasePicker.swift in Sources */,
				10423D9D2626D49900EEB297 /* Kingfisher+Utils.swift in Sources */,
				2D4BD7262297A13D00E80275 /* AppDelegate.swift in Sources */,
				10423DB02626D49900EEB297 /* BMCache.swift in Sources */,
				9B4D9FB82594691200B1E097 /* PickerVC.swift in Sources */,
				9B4834DA25996EE7006EBAFC /* MyAnimator.swift in Sources */,
				10423D882626D49900EEB297 /* ArrayDataSource.swift in Sources */,
				10423D542626D49900EEB297 /* ImageChooseTools.swift in Sources */,
				10423D752626D49900EEB297 /* ComposedHeaderProvider.swift in Sources */,
				10423D6D2626D49900EEB297 /* EmptyStateProvider.swift in Sources */,
				10423D4A2626D49900EEB297 /* AlertView.swift in Sources */,
				10423DA12626D49900EEB297 /* Array+Utils.swift in Sources */,
			);
			runOnlyForDeploymentPostprocessing = 0;
		};
/* End PBXSourcesBuildPhase section */

/* Begin PBXVariantGroup section */
		2D4BD7292297A13D00E80275 /* Main.storyboard */ = {
			isa = PBXVariantGroup;
			children = (
				2D4BD72A2297A13D00E80275 /* Base */,
			);
			name = Main.storyboard;
			sourceTree = "<group>";
		};
		2D4BD72E2297A13E00E80275 /* LaunchScreen.storyboard */ = {
			isa = PBXVariantGroup;
			children = (
				2D4BD72F2297A13E00E80275 /* Base */,
			);
			name = LaunchScreen.storyboard;
			sourceTree = "<group>";
		};
/* End PBXVariantGroup section */

/* Begin XCBuildConfiguration section */
		2D4BD7322297A13E00E80275 /* Debug */ = {
			isa = XCBuildConfiguration;
			buildSettings = {
				ALWAYS_SEARCH_USER_PATHS = NO;
				CLANG_ANALYZER_NONNULL = YES;
				CLANG_ANALYZER_NUMBER_OBJECT_CONVERSION = YES_AGGRESSIVE;
				CLANG_CXX_LANGUAGE_STANDARD = "gnu++14";
				CLANG_CXX_LIBRARY = "libc++";
				CLANG_ENABLE_MODULES = YES;
				CLANG_ENABLE_OBJC_ARC = YES;
				CLANG_ENABLE_OBJC_WEAK = YES;
				CLANG_WARN_BLOCK_CAPTURE_AUTORELEASING = YES;
				CLANG_WARN_BOOL_CONVERSION = YES;
				CLANG_WARN_COMMA = YES;
				CLANG_WARN_CONSTANT_CONVERSION = YES;
				CLANG_WARN_DEPRECATED_OBJC_IMPLEMENTATIONS = YES;
				CLANG_WARN_DIRECT_OBJC_ISA_USAGE = YES_ERROR;
				CLANG_WARN_DOCUMENTATION_COMMENTS = YES;
				CLANG_WARN_EMPTY_BODY = YES;
				CLANG_WARN_ENUM_CONVERSION = YES;
				CLANG_WARN_INFINITE_RECURSION = YES;
				CLANG_WARN_INT_CONVERSION = YES;
				CLANG_WARN_NON_LITERAL_NULL_CONVERSION = YES;
				CLANG_WARN_OBJC_IMPLICIT_RETAIN_SELF = YES;
				CLANG_WARN_OBJC_LITERAL_CONVERSION = YES;
				CLANG_WARN_OBJC_ROOT_CLASS = YES_ERROR;
				CLANG_WARN_RANGE_LOOP_ANALYSIS = YES;
				CLANG_WARN_STRICT_PROTOTYPES = YES;
				CLANG_WARN_SUSPICIOUS_MOVE = YES;
				CLANG_WARN_UNGUARDED_AVAILABILITY = YES_AGGRESSIVE;
				CLANG_WARN_UNREACHABLE_CODE = YES;
				CLANG_WARN__DUPLICATE_METHOD_MATCH = YES;
				CODE_SIGN_IDENTITY = "iPhone Developer";
				COPY_PHASE_STRIP = NO;
				DEBUG_INFORMATION_FORMAT = dwarf;
				ENABLE_STRICT_OBJC_MSGSEND = YES;
				ENABLE_TESTABILITY = YES;
				GCC_C_LANGUAGE_STANDARD = gnu11;
				GCC_DYNAMIC_NO_PIC = NO;
				GCC_NO_COMMON_BLOCKS = YES;
				GCC_OPTIMIZATION_LEVEL = 0;
				GCC_PREPROCESSOR_DEFINITIONS = (
					"DEBUG=1",
					"$(inherited)",
				);
				GCC_WARN_64_TO_32_BIT_CONVERSION = YES;
				GCC_WARN_ABOUT_RETURN_TYPE = YES_ERROR;
				GCC_WARN_UNDECLARED_SELECTOR = YES;
				GCC_WARN_UNINITIALIZED_AUTOS = YES_AGGRESSIVE;
				GCC_WARN_UNUSED_FUNCTION = YES;
				GCC_WARN_UNUSED_VARIABLE = YES;
				IPHONEOS_DEPLOYMENT_TARGET = 12.2;
				MTL_ENABLE_DEBUG_INFO = INCLUDE_SOURCE;
				MTL_FAST_MATH = YES;
				ONLY_ACTIVE_ARCH = YES;
				SDKROOT = iphoneos;
				SWIFT_ACTIVE_COMPILATION_CONDITIONS = DEBUG;
				SWIFT_OPTIMIZATION_LEVEL = "-Onone";
			};
			name = Debug;
		};
		2D4BD7332297A13E00E80275 /* Release */ = {
			isa = XCBuildConfiguration;
			buildSettings = {
				ALWAYS_SEARCH_USER_PATHS = NO;
				CLANG_ANALYZER_NONNULL = YES;
				CLANG_ANALYZER_NUMBER_OBJECT_CONVERSION = YES_AGGRESSIVE;
				CLANG_CXX_LANGUAGE_STANDARD = "gnu++14";
				CLANG_CXX_LIBRARY = "libc++";
				CLANG_ENABLE_MODULES = YES;
				CLANG_ENABLE_OBJC_ARC = YES;
				CLANG_ENABLE_OBJC_WEAK = YES;
				CLANG_WARN_BLOCK_CAPTURE_AUTORELEASING = YES;
				CLANG_WARN_BOOL_CONVERSION = YES;
				CLANG_WARN_COMMA = YES;
				CLANG_WARN_CONSTANT_CONVERSION = YES;
				CLANG_WARN_DEPRECATED_OBJC_IMPLEMENTATIONS = YES;
				CLANG_WARN_DIRECT_OBJC_ISA_USAGE = YES_ERROR;
				CLANG_WARN_DOCUMENTATION_COMMENTS = YES;
				CLANG_WARN_EMPTY_BODY = YES;
				CLANG_WARN_ENUM_CONVERSION = YES;
				CLANG_WARN_INFINITE_RECURSION = YES;
				CLANG_WARN_INT_CONVERSION = YES;
				CLANG_WARN_NON_LITERAL_NULL_CONVERSION = YES;
				CLANG_WARN_OBJC_IMPLICIT_RETAIN_SELF = YES;
				CLANG_WARN_OBJC_LITERAL_CONVERSION = YES;
				CLANG_WARN_OBJC_ROOT_CLASS = YES_ERROR;
				CLANG_WARN_RANGE_LOOP_ANALYSIS = YES;
				CLANG_WARN_STRICT_PROTOTYPES = YES;
				CLANG_WARN_SUSPICIOUS_MOVE = YES;
				CLANG_WARN_UNGUARDED_AVAILABILITY = YES_AGGRESSIVE;
				CLANG_WARN_UNREACHABLE_CODE = YES;
				CLANG_WARN__DUPLICATE_METHOD_MATCH = YES;
				CODE_SIGN_IDENTITY = "iPhone Developer";
				COPY_PHASE_STRIP = NO;
				DEBUG_INFORMATION_FORMAT = "dwarf-with-dsym";
				ENABLE_NS_ASSERTIONS = NO;
				ENABLE_STRICT_OBJC_MSGSEND = YES;
				GCC_C_LANGUAGE_STANDARD = gnu11;
				GCC_NO_COMMON_BLOCKS = YES;
				GCC_WARN_64_TO_32_BIT_CONVERSION = YES;
				GCC_WARN_ABOUT_RETURN_TYPE = YES_ERROR;
				GCC_WARN_UNDECLARED_SELECTOR = YES;
				GCC_WARN_UNINITIALIZED_AUTOS = YES_AGGRESSIVE;
				GCC_WARN_UNUSED_FUNCTION = YES;
				GCC_WARN_UNUSED_VARIABLE = YES;
				IPHONEOS_DEPLOYMENT_TARGET = 12.2;
				MTL_ENABLE_DEBUG_INFO = NO;
				MTL_FAST_MATH = YES;
				SDKROOT = iphoneos;
				SWIFT_COMPILATION_MODE = wholemodule;
				SWIFT_OPTIMIZATION_LEVEL = "-O";
				VALIDATE_PRODUCT = YES;
			};
			name = Release;
		};
		2D4BD7352297A13E00E80275 /* Debug */ = {
			isa = XCBuildConfiguration;
			baseConfigurationReference = AF4EEE2F5DA0673AF98C6A5B /* Pods-BaseUtilsDemo.debug.xcconfig */;
			buildSettings = {
				ALWAYS_EMBED_SWIFT_STANDARD_LIBRARIES = YES;
				ASSETCATALOG_COMPILER_APPICON_NAME = AppIcon;
				CODE_SIGN_STYLE = Automatic;
				DEVELOPMENT_TEAM = 34BD4U8K6Y;
				INFOPLIST_FILE = "$(SRCROOT)/BaseUtilsDemo/supports/Info.plist";
				IPHONEOS_DEPLOYMENT_TARGET = 9.0;
				LD_RUNPATH_SEARCH_PATHS = (
					"$(inherited)",
					"@executable_path/Frameworks",
				);
				MARKETING_VERSION = 0.0.1;
				PRODUCT_BUNDLE_IDENTIFIER = com.yimi.BaseUtilsDemo;
				PRODUCT_NAME = "$(TARGET_NAME)";
				SWIFT_VERSION = 5.0;
				TARGETED_DEVICE_FAMILY = "1,2";
			};
			name = Debug;
		};
		2D4BD7362297A13E00E80275 /* Release */ = {
			isa = XCBuildConfiguration;
			baseConfigurationReference = FFCFC5FF89A860DA416B9B4D /* Pods-BaseUtilsDemo.release.xcconfig */;
			buildSettings = {
				ALWAYS_EMBED_SWIFT_STANDARD_LIBRARIES = YES;
				ASSETCATALOG_COMPILER_APPICON_NAME = AppIcon;
				CODE_SIGN_STYLE = Automatic;
				DEVELOPMENT_TEAM = 34BD4U8K6Y;
				INFOPLIST_FILE = "$(SRCROOT)/BaseUtilsDemo/supports/Info.plist";
				IPHONEOS_DEPLOYMENT_TARGET = 9.0;
				LD_RUNPATH_SEARCH_PATHS = (
					"$(inherited)",
					"@executable_path/Frameworks",
				);
				MARKETING_VERSION = 0.0.1;
				PRODUCT_BUNDLE_IDENTIFIER = com.yimi.BaseUtilsDemo;
				PRODUCT_NAME = "$(TARGET_NAME)";
				SWIFT_VERSION = 5.0;
				TARGETED_DEVICE_FAMILY = "1,2";
			};
			name = Release;
		};
/* End XCBuildConfiguration section */

/* Begin XCConfigurationList section */
		2D4BD71D2297A13C00E80275 /* Build configuration list for PBXProject "BaseUtilsDemo" */ = {
			isa = XCConfigurationList;
			buildConfigurations = (
				2D4BD7322297A13E00E80275 /* Debug */,
				2D4BD7332297A13E00E80275 /* Release */,
			);
			defaultConfigurationIsVisible = 0;
			defaultConfigurationName = Release;
		};
		2D4BD7342297A13E00E80275 /* Build configuration list for PBXNativeTarget "BaseUtilsDemo" */ = {
			isa = XCConfigurationList;
			buildConfigurations = (
				2D4BD7352297A13E00E80275 /* Debug */,
				2D4BD7362297A13E00E80275 /* Release */,
			);
			defaultConfigurationIsVisible = 0;
			defaultConfigurationName = Release;
		};
/* End XCConfigurationList section */
	};
	rootObject = 2D4BD71A2297A13C00E80275 /* Project object */;
}
